# This file is automatically @generated by Poetry 1.8.2 and should not be changed by hand.

[[package]]
name = "amqp"
version = "5.0.6"
description = "Low-level AMQP client for Python (fork of amqplib)."
optional = false
python-versions = ">=3.6"
files = [
    {file = "amqp-5.0.6-py3-none-any.whl", hash = "sha256:493a2ac6788ce270a2f6a765b017299f60c1998f5a8617908ee9be082f7300fb"},
    {file = "amqp-5.0.6.tar.gz", hash = "sha256:03e16e94f2b34c31f8bf1206d8ddd3ccaa4c315f7f6a1879b7b1210d229568c2"},
]

[package.dependencies]
vine = "5.0.0"

[[package]]
name = "asgiref"
version = "3.4.1"
description = "ASGI specs, helper code, and adapters"
optional = false
python-versions = ">=3.6"
files = [
    {file = "asgiref-3.4.1-py3-none-any.whl", hash = "sha256:ffc141aa908e6f175673e7b1b3b7af4fdb0ecb738fc5c8b88f69f055c2415214"},
    {file = "asgiref-3.4.1.tar.gz", hash = "sha256:4ef1ab46b484e3c706329cedeff284a5d40824200638503f5768edb6de7d58e9"},
]

[package.dependencies]
typing-extensions = {version = "*", markers = "python_version < \"3.8\""}

[package.extras]
tests = ["mypy (>=0.800)", "pytest", "pytest-asyncio"]

[[package]]
name = "billiard"
version = "3.6.4.0"
description = "Python multiprocessing fork with improvements and bugfixes"
optional = false
python-versions = "*"
files = [
    {file = "billiard-3.6.4.0-py3-none-any.whl", hash = "sha256:87103ea78fa6ab4d5c751c4909bcff74617d985de7fa8b672cf8618afd5a875b"},
    {file = "billiard-3.6.4.0.tar.gz", hash = "sha256:299de5a8da28a783d51b197d496bef4f1595dd023a93a4f59dde1886ae905547"},
]

[[package]]
name = "black"
version = "22.3.0"
description = "The uncompromising code formatter."
optional = false
python-versions = ">=3.6.2"
files = [
    {file = "black-22.3.0-cp310-cp310-macosx_10_9_universal2.whl", hash = "sha256:2497f9c2386572e28921fa8bec7be3e51de6801f7459dffd6e62492531c47e09"},
    {file = "black-22.3.0-cp310-cp310-macosx_10_9_x86_64.whl", hash = "sha256:5795a0375eb87bfe902e80e0c8cfaedf8af4d49694d69161e5bd3206c18618bb"},
    {file = "black-22.3.0-cp310-cp310-macosx_11_0_arm64.whl", hash = "sha256:e3556168e2e5c49629f7b0f377070240bd5511e45e25a4497bb0073d9dda776a"},
    {file = "black-22.3.0-cp310-cp310-manylinux_2_17_x86_64.manylinux2014_x86_64.whl", hash = "sha256:67c8301ec94e3bcc8906740fe071391bce40a862b7be0b86fb5382beefecd968"},
    {file = "black-22.3.0-cp310-cp310-win_amd64.whl", hash = "sha256:fd57160949179ec517d32ac2ac898b5f20d68ed1a9c977346efbac9c2f1e779d"},
    {file = "black-22.3.0-cp36-cp36m-macosx_10_9_x86_64.whl", hash = "sha256:cc1e1de68c8e5444e8f94c3670bb48a2beef0e91dddfd4fcc29595ebd90bb9ce"},
    {file = "black-22.3.0-cp36-cp36m-manylinux_2_17_x86_64.manylinux2014_x86_64.whl", hash = "sha256:6d2fc92002d44746d3e7db7cf9313cf4452f43e9ea77a2c939defce3b10b5c82"},
    {file = "black-22.3.0-cp36-cp36m-win_amd64.whl", hash = "sha256:a6342964b43a99dbc72f72812bf88cad8f0217ae9acb47c0d4f141a6416d2d7b"},
    {file = "black-22.3.0-cp37-cp37m-macosx_10_9_x86_64.whl", hash = "sha256:328efc0cc70ccb23429d6be184a15ce613f676bdfc85e5fe8ea2a9354b4e9015"},
    {file = "black-22.3.0-cp37-cp37m-manylinux_2_17_x86_64.manylinux2014_x86_64.whl", hash = "sha256:06f9d8846f2340dfac80ceb20200ea5d1b3f181dd0556b47af4e8e0b24fa0a6b"},
    {file = "black-22.3.0-cp37-cp37m-win_amd64.whl", hash = "sha256:ad4efa5fad66b903b4a5f96d91461d90b9507a812b3c5de657d544215bb7877a"},
    {file = "black-22.3.0-cp38-cp38-macosx_10_9_universal2.whl", hash = "sha256:e8477ec6bbfe0312c128e74644ac8a02ca06bcdb8982d4ee06f209be28cdf163"},
    {file = "black-22.3.0-cp38-cp38-macosx_10_9_x86_64.whl", hash = "sha256:637a4014c63fbf42a692d22b55d8ad6968a946b4a6ebc385c5505d9625b6a464"},
    {file = "black-22.3.0-cp38-cp38-macosx_11_0_arm64.whl", hash = "sha256:863714200ada56cbc366dc9ae5291ceb936573155f8bf8e9de92aef51f3ad0f0"},
    {file = "black-22.3.0-cp38-cp38-manylinux_2_17_x86_64.manylinux2014_x86_64.whl", hash = "sha256:10dbe6e6d2988049b4655b2b739f98785a884d4d6b85bc35133a8fb9a2233176"},
    {file = "black-22.3.0-cp38-cp38-win_amd64.whl", hash = "sha256:cee3e11161dde1b2a33a904b850b0899e0424cc331b7295f2a9698e79f9a69a0"},
    {file = "black-22.3.0-cp39-cp39-macosx_10_9_universal2.whl", hash = "sha256:5891ef8abc06576985de8fa88e95ab70641de6c1fca97e2a15820a9b69e51b20"},
    {file = "black-22.3.0-cp39-cp39-macosx_10_9_x86_64.whl", hash = "sha256:30d78ba6bf080eeaf0b7b875d924b15cd46fec5fd044ddfbad38c8ea9171043a"},
    {file = "black-22.3.0-cp39-cp39-macosx_11_0_arm64.whl", hash = "sha256:ee8f1f7228cce7dffc2b464f07ce769f478968bfb3dd1254a4c2eeed84928aad"},
    {file = "black-22.3.0-cp39-cp39-manylinux_2_17_x86_64.manylinux2014_x86_64.whl", hash = "sha256:6ee227b696ca60dd1c507be80a6bc849a5a6ab57ac7352aad1ffec9e8b805f21"},
    {file = "black-22.3.0-cp39-cp39-win_amd64.whl", hash = "sha256:9b542ced1ec0ceeff5b37d69838106a6348e60db7b8fdd245294dc1d26136265"},
    {file = "black-22.3.0-py3-none-any.whl", hash = "sha256:bc58025940a896d7e5356952228b68f793cf5fcb342be703c3a2669a1488cb72"},
    {file = "black-22.3.0.tar.gz", hash = "sha256:35020b8886c022ced9282b51b5a875b6d1ab0c387b31a065b84db7c33085ca79"},
]

[package.dependencies]
click = ">=8.0.0"
mypy-extensions = ">=0.4.3"
pathspec = ">=0.9.0"
platformdirs = ">=2"
tomli = {version = ">=1.1.0", markers = "python_version < \"3.11\""}
typed-ast = {version = ">=1.4.2", markers = "python_version < \"3.8\" and implementation_name == \"cpython\""}
typing-extensions = {version = ">=3.10.0.0", markers = "python_version < \"3.10\""}

[package.extras]
colorama = ["colorama (>=0.4.3)"]
d = ["aiohttp (>=3.7.4)"]
jupyter = ["ipython (>=7.8.0)", "tokenize-rt (>=3.2.0)"]
uvloop = ["uvloop (>=0.15.2)"]

[[package]]
name = "cached-property"
version = "1.5.2"
description = "A decorator for caching properties in classes."
optional = false
python-versions = "*"
files = [
    {file = "cached-property-1.5.2.tar.gz", hash = "sha256:9fa5755838eecbb2d234c3aa390bd80fbd3ac6b6869109bfc1b499f7bd89a130"},
    {file = "cached_property-1.5.2-py2.py3-none-any.whl", hash = "sha256:df4f613cf7ad9a588cc381aaf4a512d26265ecebd5eb9e1ba12f1319eb85a6a0"},
]

[[package]]
name = "celery"
version = "5.0.2"
description = "Distributed Task Queue."
optional = false
python-versions = ">=3.6,"
files = [
    {file = "celery-5.0.2-py3-none-any.whl", hash = "sha256:930c3acd55349d028c4e7104a7d377729cbcca19d9fce470c17172d9e7f9a8b6"},
    {file = "celery-5.0.2.tar.gz", hash = "sha256:012c814967fe89e3f5d2cf49df2dba3de5f29253a7f4f2270e8fce6b901b4ebf"},
]

[package.dependencies]
billiard = ">=3.6.3.0,<4.0"
click = ">=7.0"
click-didyoumean = ">=0.0.3"
click-repl = ">=0.1.6"
kombu = ">=5.0.0,<6.0"
pytz = ">0.0-dev"
vine = ">=5.0.0,<6.0"

[package.extras]
arangodb = ["pyArango (>=1.3.2)"]
auth = ["cryptography"]
azureblockblob = ["azure-common (==1.1.5)", "azure-storage (==0.36.0)", "azure-storage-common (==1.1.0)"]
brotli = ["brotli (>=1.0.0)", "brotlipy (>=0.7.0)"]
cassandra = ["cassandra-driver (<3.21.0)"]
consul = ["python-consul"]
cosmosdbsql = ["pydocumentdb (==2.3.2)"]
couchbase = ["couchbase (>=3.0.0)"]
couchdb = ["pycouchdb"]
django = ["Django (>=1.11)"]
dynamodb = ["boto3 (>=1.9.178)"]
elasticsearch = ["elasticsearch"]
eventlet = ["eventlet (>=0.26.1)"]
gevent = ["gevent (>=1.0.0)"]
librabbitmq = ["librabbitmq (>=1.5.0)"]
lzma = ["backports.lzma"]
memcache = ["pylibmc"]
mongodb = ["pymongo[srv] (>=3.3.0)"]
msgpack = ["msgpack"]
pymemcache = ["python-memcached"]
pyro = ["pyro4"]
redis = ["redis (>=3.2.0)"]
s3 = ["boto3 (>=1.9.125)"]
slmq = ["softlayer-messaging (>=1.0.3)"]
solar = ["ephem"]
sqlalchemy = ["sqlalchemy"]
sqs = ["boto3 (>=1.9.125)", "pycurl (==7.43.0.5)"]
tblib = ["tblib (>=1.3.0)", "tblib (>=1.5.0)"]
yaml = ["PyYAML (>=3.10)"]
zookeeper = ["kazoo (>=1.3.1)"]
zstd = ["zstandard"]

[[package]]
name = "click"
version = "8.0.1"
description = "Composable command line interface toolkit"
optional = false
python-versions = ">=3.6"
files = [
    {file = "click-8.0.1-py3-none-any.whl", hash = "sha256:fba402a4a47334742d782209a7c79bc448911afe1149d07bdabdf480b3e2f4b6"},
    {file = "click-8.0.1.tar.gz", hash = "sha256:8c04c11192119b1ef78ea049e0a6f0463e4c48ef00a30160c704337586f3ad7a"},
]

[package.dependencies]
colorama = {version = "*", markers = "platform_system == \"Windows\""}
importlib-metadata = {version = "*", markers = "python_version < \"3.8\""}

[[package]]
name = "click-didyoumean"
version = "0.0.3"
description = "Enable git-like did-you-mean feature in click."
optional = false
python-versions = "*"
files = [
    {file = "click-didyoumean-0.0.3.tar.gz", hash = "sha256:112229485c9704ff51362fe34b2d4f0b12fc71cc20f6d2b3afabed4b8bfa6aeb"},
]

[package.dependencies]
click = "*"

[[package]]
name = "click-repl"
version = "0.2.0"
description = "REPL plugin for Click"
optional = false
python-versions = "*"
files = [
    {file = "click-repl-0.2.0.tar.gz", hash = "sha256:cd12f68d745bf6151210790540b4cb064c7b13e571bc64b6957d98d120dacfd8"},
    {file = "click_repl-0.2.0-py3-none-any.whl", hash = "sha256:94b3fbbc9406a236f176e0506524b2937e4b23b6f4c0c0b2a0a83f8a64e9194b"},
]

[package.dependencies]
click = "*"
prompt-toolkit = "*"
six = "*"

[[package]]
name = "colorama"
version = "0.4.4"
description = "Cross-platform colored terminal text."
optional = false
python-versions = ">=2.7, !=3.0.*, !=3.1.*, !=3.2.*, !=3.3.*, !=3.4.*"
files = [
    {file = "colorama-0.4.4-py2.py3-none-any.whl", hash = "sha256:9f47eda37229f68eee03b24b9748937c7dc3868f906e8ba69fbcbdd3bc5dc3e2"},
    {file = "colorama-0.4.4.tar.gz", hash = "sha256:5941b2b48a20143d2267e95b1c2a7603ce057ee39fd88e7329b0c292aa16869b"},
]

[[package]]
name = "defusedxml"
version = "0.7.1"
description = "XML bomb protection for Python stdlib modules"
optional = false
python-versions = ">=2.7, !=3.0.*, !=3.1.*, !=3.2.*, !=3.3.*, !=3.4.*"
files = [
    {file = "defusedxml-0.7.1-py2.py3-none-any.whl", hash = "sha256:a352e7e428770286cc899e2542b6cdaedb2b4953ff269a210103ec58f6198a61"},
    {file = "defusedxml-0.7.1.tar.gz", hash = "sha256:1bb3032db185915b62d7c6209c5a8792be6a32ab2fedacc84e01b52c51aa3e69"},
]

[[package]]
name = "diff-match-patch"
version = "20200713"
description = "Repackaging of Google's Diff Match and Patch libraries. Offers robust algorithms to perform the operations required for synchronizing plain text."
optional = false
python-versions = ">=2.7"
files = [
    {file = "diff-match-patch-20200713.tar.gz", hash = "sha256:da6f5a01aa586df23dfc89f3827e1cafbb5420be9d87769eeb079ddfd9477a18"},
    {file = "diff_match_patch-20200713-py3-none-any.whl", hash = "sha256:8bf9d9c4e059d917b5c6312bac0c137971a32815ddbda9c682b949f2986b4d34"},
]

[[package]]
name = "django"
version = "3.2.25"
description = "A high-level Python Web framework that encourages rapid development and clean, pragmatic design."
optional = false
python-versions = ">=3.6"
files = [
    {file = "Django-3.2.25-py3-none-any.whl", hash = "sha256:a52ea7fcf280b16f7b739cec38fa6d3f8953a5456986944c3ca97e79882b4e38"},
    {file = "Django-3.2.25.tar.gz", hash = "sha256:7ca38a78654aee72378594d63e51636c04b8e28574f5505dff630895b5472777"},
]

[package.dependencies]
asgiref = ">=3.3.2,<4"
pytz = "*"
sqlparse = ">=0.2.2"

[package.extras]
argon2 = ["argon2-cffi (>=19.1.0)"]
bcrypt = ["bcrypt"]

[[package]]
name = "django-admin-smoke-tests"
version = "0.3.0"
description = "Runs some quick tests on your admin site objects to make sure there aren't non-existant fields listed, etc."
optional = false
python-versions = "*"
files = [
    {file = "django-admin-smoke-tests-0.3.0.tar.gz", hash = "sha256:5dc35c61610d4e762bc21a6d2ba4599d67491ff5260e576e0454c14b341a2be9"},
]

[package.dependencies]
django = ">=1.6"
six = "*"

[[package]]
name = "django-author"
version = "1.0.2"
description = "Add special User ForeignKey fields which update automatically"
optional = false
python-versions = "*"
files = [
    {file = "django-author-1.0.2.tar.gz", hash = "sha256:0238b6280f66a8ba6d1c730ab4acc52bc2bf37686940fd4db42e7af458c96635"},
]

[package.dependencies]
setuptools-git = "*"

[[package]]
name = "django-import-export"
version = "2.5.0"
description = "Django application and library for importing and exporting data with included admin integration."
optional = false
python-versions = ">=3.5"
files = [
    {file = "django-import-export-2.5.0.tar.gz", hash = "sha256:c39c003bfc803fb63ba7742562f1667603a4a8d7426261845d75ce8582d40f48"},
    {file = "django_import_export-2.5.0-py3-none-any.whl", hash = "sha256:cf6f3dabdd4f32dcb26e25c7ddcba7aee3168b55d380b0da79f0349afa17c011"},
]

[package.dependencies]
diff-match-patch = "*"
Django = ">=2.0"
tablib = {version = ">=0.14.0", extras = ["html", "ods", "xls", "xlsx", "yaml"]}

[[package]]
name = "et-xmlfile"
version = "1.1.0"
description = "An implementation of lxml.xmlfile for the standard library"
optional = false
python-versions = ">=3.6"
files = [
    {file = "et_xmlfile-1.1.0-py3-none-any.whl", hash = "sha256:a2ba85d1d6a74ef63837eed693bcb89c3f752169b0e3e7ae5b16ca5e1b3deada"},
    {file = "et_xmlfile-1.1.0.tar.gz", hash = "sha256:8eb9e2bc2f8c97e37a2dc85a09ecdcdec9d8a396530a6d5a33b30b9a92da0c5c"},
]

[[package]]
name = "html2text"
version = "2020.1.16"
description = "Turn HTML into equivalent Markdown-structured text."
optional = false
python-versions = ">=3.5"
files = [
    {file = "html2text-2020.1.16-py3-none-any.whl", hash = "sha256:c7c629882da0cf377d66f073329ccf34a12ed2adf0169b9285ae4e63ef54c82b"},
    {file = "html2text-2020.1.16.tar.gz", hash = "sha256:e296318e16b059ddb97f7a8a1d6a5c1d7af4544049a01e261731d2d5cc277bbb"},
]

[[package]]
name = "importlib-metadata"
version = "4.8.1"
description = "Read metadata from Python packages"
optional = false
python-versions = ">=3.6"
files = [
    {file = "importlib_metadata-4.8.1-py3-none-any.whl", hash = "sha256:b618b6d2d5ffa2f16add5697cf57a46c76a56229b0ed1c438322e4e95645bd15"},
    {file = "importlib_metadata-4.8.1.tar.gz", hash = "sha256:f284b3e11256ad1e5d03ab86bb2ccd6f5339688ff17a4d797a0fe7df326f23b1"},
]

[package.dependencies]
typing-extensions = {version = ">=3.6.4", markers = "python_version < \"3.8\""}
zipp = ">=0.5"

[package.extras]
docs = ["jaraco.packaging (>=8.2)", "rst.linker (>=1.9)", "sphinx"]
perf = ["ipython"]
testing = ["flufl.flake8", "importlib-resources (>=1.3)", "packaging", "pep517", "pyfakefs", "pytest (>=4.6)", "pytest-black (>=0.3.7)", "pytest-checkdocs (>=2.4)", "pytest-cov", "pytest-enabler (>=1.0.1)", "pytest-flake8", "pytest-mypy", "pytest-perf (>=0.9.2)"]

[[package]]
name = "kombu"
version = "5.1.0"
description = "Messaging library for Python."
optional = false
python-versions = ">=3.6"
files = [
    {file = "kombu-5.1.0-py3-none-any.whl", hash = "sha256:e2dedd8a86c9077c350555153825a31e456a0dc20c15d5751f00137ec9c75f0a"},
    {file = "kombu-5.1.0.tar.gz", hash = "sha256:01481d99f4606f6939cdc9b637264ed353ee9e3e4f62cfb582324142c41a572d"},
]

[package.dependencies]
amqp = ">=5.0.6,<6.0.0"
cached-property = {version = "*", markers = "python_version < \"3.8\""}
importlib-metadata = {version = ">=0.18", markers = "python_version < \"3.8\""}
vine = "*"

[package.extras]
azureservicebus = ["azure-servicebus (>=7.0.0)"]
azurestoragequeues = ["azure-storage-queue"]
consul = ["python-consul (>=0.6.0)"]
librabbitmq = ["librabbitmq (>=1.5.2)"]
mongodb = ["pymongo (>=3.3.0)"]
msgpack = ["msgpack"]
pyro = ["pyro4"]
qpid = ["qpid-python (>=0.26)", "qpid-tools (>=0.26)"]
redis = ["redis (>=3.3.11)"]
slmq = ["softlayer-messaging (>=1.0.3)"]
sqlalchemy = ["sqlalchemy"]
sqs = ["boto3 (>=1.4.4)", "pycurl (==7.43.0.2)", "urllib3 (<1.26)"]
yaml = ["PyYAML (>=3.10)"]
zookeeper = ["kazoo (>=1.3.1)"]

[[package]]
name = "markuppy"
version = "1.14"
description = "An HTML/XML generator"
optional = false
python-versions = "*"
files = [
    {file = "MarkupPy-1.14.tar.gz", hash = "sha256:1adee2c0a542af378fe84548ff6f6b0168f3cb7f426b46961038a2bcfaad0d5f"},
]

[[package]]
name = "mypy-extensions"
version = "0.4.3"
description = "Experimental type system extensions for programs checked with the mypy typechecker."
optional = false
python-versions = "*"
files = [
    {file = "mypy_extensions-0.4.3-py2.py3-none-any.whl", hash = "sha256:090fedd75945a69ae91ce1303b5824f428daf5a028d2f6ab8a299250a846f15d"},
    {file = "mypy_extensions-0.4.3.tar.gz", hash = "sha256:2d82818f5bb3e369420cb3c4060a7970edba416647068eb4c5343488a6c604a8"},
]

[[package]]
name = "odfpy"
version = "1.4.1"
description = "Python API and tools to manipulate OpenDocument files"
optional = false
python-versions = "*"
files = [
    {file = "odfpy-1.4.1.tar.gz", hash = "sha256:db766a6e59c5103212f3cc92ec8dd50a0f3a02790233ed0b52148b70d3c438ec"},
]

[package.dependencies]
defusedxml = "*"

[[package]]
name = "openpyxl"
version = "3.0.7"
description = "A Python library to read/write Excel 2010 xlsx/xlsm files"
optional = false
python-versions = ">=3.6,"
files = [
    {file = "openpyxl-3.0.7-py2.py3-none-any.whl", hash = "sha256:46af4eaf201a89b610fcca177eed957635f88770a5462fb6aae4a2a52b0ff516"},
    {file = "openpyxl-3.0.7.tar.gz", hash = "sha256:6456a3b472e1ef0facb1129f3c6ef00713cebf62e736cd7a75bcc3247432f251"},
]

[package.dependencies]
et-xmlfile = "*"

[[package]]
name = "pathspec"
version = "0.9.0"
description = "Utility library for gitignore style pattern matching of file paths."
optional = false
python-versions = "!=3.0.*,!=3.1.*,!=3.2.*,!=3.3.*,!=3.4.*,>=2.7"
files = [
    {file = "pathspec-0.9.0-py2.py3-none-any.whl", hash = "sha256:7d15c4ddb0b5c802d161efc417ec1a2558ea2653c2e8ad9c19098201dc1c993a"},
    {file = "pathspec-0.9.0.tar.gz", hash = "sha256:e564499435a2673d586f6b2130bb5b95f04a3ba06f81b8f895b651a3c76aabb1"},
]

[[package]]
name = "platformdirs"
version = "2.5.1"
description = "A small Python module for determining appropriate platform-specific dirs, e.g. a \"user data dir\"."
optional = false
python-versions = ">=3.7"
files = [
    {file = "platformdirs-2.5.1-py3-none-any.whl", hash = "sha256:bcae7cab893c2d310a711b70b24efb93334febe65f8de776ee320b517471e227"},
    {file = "platformdirs-2.5.1.tar.gz", hash = "sha256:7535e70dfa32e84d4b34996ea99c5e432fa29a708d0f4e394bbcb2a8faa4f16d"},
]

[package.extras]
docs = ["Sphinx (>=4)", "furo (>=2021.7.5b38)", "proselint (>=0.10.2)", "sphinx-autodoc-typehints (>=1.12)"]
test = ["appdirs (==1.4.4)", "pytest (>=6)", "pytest-cov (>=2.7)", "pytest-mock (>=3.6)"]

[[package]]
name = "prompt-toolkit"
version = "3.0.20"
description = "Library for building powerful interactive command lines in Python"
optional = false
python-versions = ">=3.6.2"
files = [
    {file = "prompt_toolkit-3.0.20-py3-none-any.whl", hash = "sha256:6076e46efae19b1e0ca1ec003ed37a933dc94b4d20f486235d436e64771dcd5c"},
    {file = "prompt_toolkit-3.0.20.tar.gz", hash = "sha256:eb71d5a6b72ce6db177af4a7d4d7085b99756bf656d98ffcc4fecd36850eea6c"},
]

[package.dependencies]
wcwidth = "*"

[[package]]
name = "psycopg2-binary"
version = "2.9.1"
description = "psycopg2 - Python-PostgreSQL Database Adapter"
optional = false
python-versions = ">=3.6"
files = [
    {file = "psycopg2-binary-2.9.1.tar.gz", hash = "sha256:b0221ca5a9837e040ebf61f48899926b5783668b7807419e4adae8175a31f773"},
    {file = "psycopg2_binary-2.9.1-cp310-cp310-macosx_10_14_x86_64.macosx_10_9_intel.macosx_10_9_x86_64.macosx_10_10_intel.macosx_10_10_x86_64.whl", hash = "sha256:24b0b6688b9f31a911f2361fe818492650795c9e5d3a1bc647acbd7440142a4f"},
    {file = "psycopg2_binary-2.9.1-cp310-cp310-manylinux_2_17_i686.manylinux2014_i686.whl", hash = "sha256:542875f62bc56e91c6eac05a0deadeae20e1730be4c6334d8f04c944fcd99759"},
    {file = "psycopg2_binary-2.9.1-cp310-cp310-manylinux_2_17_x86_64.manylinux2014_x86_64.whl", hash = "sha256:661509f51531ec125e52357a489ea3806640d0ca37d9dada461ffc69ee1e7b6e"},
    {file = "psycopg2_binary-2.9.1-cp310-cp310-manylinux_2_24_aarch64.whl", hash = "sha256:d92272c7c16e105788efe2cfa5d680f07e34e0c29b03c1908f8636f55d5f915a"},
    {file = "psycopg2_binary-2.9.1-cp310-cp310-manylinux_2_24_ppc64le.whl", hash = "sha256:736b8797b58febabb85494142c627bd182b50d2a7ec65322983e71065ad3034c"},
    {file = "psycopg2_binary-2.9.1-cp310-cp310-win32.whl", hash = "sha256:ebccf1123e7ef66efc615a68295bf6fdba875a75d5bba10a05073202598085fc"},
    {file = "psycopg2_binary-2.9.1-cp310-cp310-win_amd64.whl", hash = "sha256:1f6ca4a9068f5c5c57e744b4baa79f40e83e3746875cac3c45467b16326bab45"},
    {file = "psycopg2_binary-2.9.1-cp36-cp36m-macosx_10_14_x86_64.macosx_10_9_intel.macosx_10_9_x86_64.macosx_10_10_intel.macosx_10_10_x86_64.whl", hash = "sha256:c250a7ec489b652c892e4f0a5d122cc14c3780f9f643e1a326754aedf82d9a76"},
    {file = "psycopg2_binary-2.9.1-cp36-cp36m-manylinux_2_17_i686.manylinux2014_i686.whl", hash = "sha256:aef9aee84ec78af51107181d02fe8773b100b01c5dfde351184ad9223eab3698"},
    {file = "psycopg2_binary-2.9.1-cp36-cp36m-manylinux_2_17_x86_64.manylinux2014_x86_64.whl", hash = "sha256:123c3fb684e9abfc47218d3784c7b4c47c8587951ea4dd5bc38b6636ac57f616"},
    {file = "psycopg2_binary-2.9.1-cp36-cp36m-manylinux_2_24_aarch64.whl", hash = "sha256:995fc41ebda5a7a663a254a1dcac52638c3e847f48307b5416ee373da15075d7"},
    {file = "psycopg2_binary-2.9.1-cp36-cp36m-manylinux_2_24_ppc64le.whl", hash = "sha256:fbb42a541b1093385a2d8c7eec94d26d30437d0e77c1d25dae1dcc46741a385e"},
    {file = "psycopg2_binary-2.9.1-cp36-cp36m-win32.whl", hash = "sha256:20f1ab44d8c352074e2d7ca67dc00843067788791be373e67a0911998787ce7d"},
    {file = "psycopg2_binary-2.9.1-cp36-cp36m-win_amd64.whl", hash = "sha256:f6fac64a38f6768e7bc7b035b9e10d8a538a9fadce06b983fb3e6fa55ac5f5ce"},
    {file = "psycopg2_binary-2.9.1-cp37-cp37m-macosx_10_14_x86_64.macosx_10_9_intel.macosx_10_9_x86_64.macosx_10_10_intel.macosx_10_10_x86_64.whl", hash = "sha256:1e3a362790edc0a365385b1ac4cc0acc429a0c0d662d829a50b6ce743ae61b5a"},
    {file = "psycopg2_binary-2.9.1-cp37-cp37m-manylinux_2_17_i686.manylinux2014_i686.whl", hash = "sha256:f8559617b1fcf59a9aedba2c9838b5b6aa211ffedecabca412b92a1ff75aac1a"},
    {file = "psycopg2_binary-2.9.1-cp37-cp37m-manylinux_2_17_x86_64.manylinux2014_x86_64.whl", hash = "sha256:a36c7eb6152ba5467fb264d73844877be8b0847874d4822b7cf2d3c0cb8cdcb0"},
    {file = "psycopg2_binary-2.9.1-cp37-cp37m-manylinux_2_24_aarch64.whl", hash = "sha256:2f62c207d1740b0bde5c4e949f857b044818f734a3d57f1d0d0edc65050532ed"},
    {file = "psycopg2_binary-2.9.1-cp37-cp37m-manylinux_2_24_ppc64le.whl", hash = "sha256:cfc523edecddaef56f6740d7de1ce24a2fdf94fd5e704091856a201872e37f9f"},
    {file = "psycopg2_binary-2.9.1-cp37-cp37m-win32.whl", hash = "sha256:1e85b74cbbb3056e3656f1cc4781294df03383127a8114cbc6531e8b8367bf1e"},
    {file = "psycopg2_binary-2.9.1-cp37-cp37m-win_amd64.whl", hash = "sha256:1473c0215b0613dd938db54a653f68251a45a78b05f6fc21af4326f40e8360a2"},
    {file = "psycopg2_binary-2.9.1-cp38-cp38-macosx_10_14_x86_64.macosx_10_9_intel.macosx_10_9_x86_64.macosx_10_10_intel.macosx_10_10_x86_64.whl", hash = "sha256:35c4310f8febe41f442d3c65066ca93cccefd75013df3d8c736c5b93ec288140"},
    {file = "psycopg2_binary-2.9.1-cp38-cp38-manylinux_2_17_i686.manylinux2014_i686.whl", hash = "sha256:8c13d72ed6af7fd2c8acbd95661cf9477f94e381fce0792c04981a8283b52917"},
    {file = "psycopg2_binary-2.9.1-cp38-cp38-manylinux_2_17_x86_64.manylinux2014_x86_64.whl", hash = "sha256:14db1752acdd2187d99cb2ca0a1a6dfe57fc65c3281e0f20e597aac8d2a5bd90"},
    {file = "psycopg2_binary-2.9.1-cp38-cp38-manylinux_2_24_aarch64.whl", hash = "sha256:aed4a9a7e3221b3e252c39d0bf794c438dc5453bc2963e8befe9d4cd324dff72"},
    {file = "psycopg2_binary-2.9.1-cp38-cp38-manylinux_2_24_ppc64le.whl", hash = "sha256:da113b70f6ec40e7d81b43d1b139b9db6a05727ab8be1ee559f3a69854a69d34"},
    {file = "psycopg2_binary-2.9.1-cp38-cp38-win32.whl", hash = "sha256:4235f9d5ddcab0b8dbd723dca56ea2922b485ea00e1dafacf33b0c7e840b3d32"},
    {file = "psycopg2_binary-2.9.1-cp38-cp38-win_amd64.whl", hash = "sha256:988b47ac70d204aed01589ed342303da7c4d84b56c2f4c4b8b00deda123372bf"},
    {file = "psycopg2_binary-2.9.1-cp39-cp39-macosx_10_14_x86_64.macosx_10_9_intel.macosx_10_9_x86_64.macosx_10_10_intel.macosx_10_10_x86_64.whl", hash = "sha256:7360647ea04db2e7dff1648d1da825c8cf68dc5fbd80b8fb5b3ee9f068dcd21a"},
    {file = "psycopg2_binary-2.9.1-cp39-cp39-manylinux_2_17_i686.manylinux2014_i686.whl", hash = "sha256:ca86db5b561b894f9e5f115d6a159fff2a2570a652e07889d8a383b5fae66eb4"},
    {file = "psycopg2_binary-2.9.1-cp39-cp39-manylinux_2_17_x86_64.manylinux2014_x86_64.whl", hash = "sha256:5ced67f1e34e1a450cdb48eb53ca73b60aa0af21c46b9b35ac3e581cf9f00e31"},
    {file = "psycopg2_binary-2.9.1-cp39-cp39-manylinux_2_24_aarch64.whl", hash = "sha256:0f2e04bd2a2ab54fa44ee67fe2d002bb90cee1c0f1cc0ebc3148af7b02034cbd"},
    {file = "psycopg2_binary-2.9.1-cp39-cp39-manylinux_2_24_ppc64le.whl", hash = "sha256:3242b9619de955ab44581a03a64bdd7d5e470cc4183e8fcadd85ab9d3756ce7a"},
    {file = "psycopg2_binary-2.9.1-cp39-cp39-win32.whl", hash = "sha256:0b7dae87f0b729922e06f85f667de7bf16455d411971b2043bbd9577af9d1975"},
    {file = "psycopg2_binary-2.9.1-cp39-cp39-win_amd64.whl", hash = "sha256:b4d7679a08fea64573c969f6994a2631908bb2c0e69a7235648642f3d2e39a68"},
]

[[package]]
name = "pudb"
version = "2019.2"
description = "A full-screen, console-based Python debugger"
optional = false
python-versions = "*"
files = [
    {file = "pudb-2019.2.tar.gz", hash = "sha256:e8f0ea01b134d802872184b05bffc82af29a1eb2f9374a277434b932d68f58dc"},
]

[package.dependencies]
pygments = ">=1.0"
urwid = ">=1.1.1"

[[package]]
name = "pygments"
version = "2.15.0"
description = "Pygments is a syntax highlighting package written in Python."
optional = false
python-versions = ">=3.7"
files = [
    {file = "Pygments-2.15.0-py3-none-any.whl", hash = "sha256:77a3299119af881904cd5ecd1ac6a66214b6e9bed1f2db16993b54adede64094"},
    {file = "Pygments-2.15.0.tar.gz", hash = "sha256:f7e36cffc4c517fbc252861b9a6e4644ca0e5abadf9a113c72d1358ad09b9500"},
]

[package.extras]
plugins = ["importlib-metadata"]

[[package]]
name = "pytz"
version = "2021.1"
description = "World timezone definitions, modern and historical"
optional = false
python-versions = "*"
files = [
    {file = "pytz-2021.1-py2.py3-none-any.whl", hash = "sha256:eb10ce3e7736052ed3623d49975ce333bcd712c7bb19a58b9e2089d4057d0798"},
    {file = "pytz-2021.1.tar.gz", hash = "sha256:83a4a90894bf38e243cf052c8b58f381bfe9a7a483f6a9cab140bc7f702ac4da"},
]

[[package]]
name = "pyyaml"
version = "5.4.1"
description = "YAML parser and emitter for Python"
optional = false
python-versions = ">=2.7, !=3.0.*, !=3.1.*, !=3.2.*, !=3.3.*, !=3.4.*, !=3.5.*"
files = [
    {file = "PyYAML-5.4.1-cp27-cp27m-macosx_10_9_x86_64.whl", hash = "sha256:3b2b1824fe7112845700f815ff6a489360226a5609b96ec2190a45e62a9fc922"},
    {file = "PyYAML-5.4.1-cp27-cp27m-win32.whl", hash = "sha256:129def1b7c1bf22faffd67b8f3724645203b79d8f4cc81f674654d9902cb4393"},
    {file = "PyYAML-5.4.1-cp27-cp27m-win_amd64.whl", hash = "sha256:4465124ef1b18d9ace298060f4eccc64b0850899ac4ac53294547536533800c8"},
    {file = "PyYAML-5.4.1-cp27-cp27mu-manylinux1_x86_64.whl", hash = "sha256:bb4191dfc9306777bc594117aee052446b3fa88737cd13b7188d0e7aa8162185"},
    {file = "PyYAML-5.4.1-cp36-cp36m-macosx_10_9_x86_64.whl", hash = "sha256:6c78645d400265a062508ae399b60b8c167bf003db364ecb26dcab2bda048253"},
    {file = "PyYAML-5.4.1-cp36-cp36m-manylinux1_x86_64.whl", hash = "sha256:4e0583d24c881e14342eaf4ec5fbc97f934b999a6828693a99157fde912540cc"},
    {file = "PyYAML-5.4.1-cp36-cp36m-manylinux2014_aarch64.whl", hash = "sha256:72a01f726a9c7851ca9bfad6fd09ca4e090a023c00945ea05ba1638c09dc3347"},
    {file = "PyYAML-5.4.1-cp36-cp36m-manylinux2014_s390x.whl", hash = "sha256:895f61ef02e8fed38159bb70f7e100e00f471eae2bc838cd0f4ebb21e28f8541"},
    {file = "PyYAML-5.4.1-cp36-cp36m-win32.whl", hash = "sha256:3bd0e463264cf257d1ffd2e40223b197271046d09dadf73a0fe82b9c1fc385a5"},
    {file = "PyYAML-5.4.1-cp36-cp36m-win_amd64.whl", hash = "sha256:e4fac90784481d221a8e4b1162afa7c47ed953be40d31ab4629ae917510051df"},
    {file = "PyYAML-5.4.1-cp37-cp37m-macosx_10_9_x86_64.whl", hash = "sha256:5accb17103e43963b80e6f837831f38d314a0495500067cb25afab2e8d7a4018"},
    {file = "PyYAML-5.4.1-cp37-cp37m-manylinux1_x86_64.whl", hash = "sha256:e1d4970ea66be07ae37a3c2e48b5ec63f7ba6804bdddfdbd3cfd954d25a82e63"},
    {file = "PyYAML-5.4.1-cp37-cp37m-manylinux2014_aarch64.whl", hash = "sha256:cb333c16912324fd5f769fff6bc5de372e9e7a202247b48870bc251ed40239aa"},
    {file = "PyYAML-5.4.1-cp37-cp37m-manylinux2014_s390x.whl", hash = "sha256:fe69978f3f768926cfa37b867e3843918e012cf83f680806599ddce33c2c68b0"},
    {file = "PyYAML-5.4.1-cp37-cp37m-win32.whl", hash = "sha256:dd5de0646207f053eb0d6c74ae45ba98c3395a571a2891858e87df7c9b9bd51b"},
    {file = "PyYAML-5.4.1-cp37-cp37m-win_amd64.whl", hash = "sha256:08682f6b72c722394747bddaf0aa62277e02557c0fd1c42cb853016a38f8dedf"},
    {file = "PyYAML-5.4.1-cp38-cp38-macosx_10_9_x86_64.whl", hash = "sha256:d2d9808ea7b4af864f35ea216be506ecec180628aced0704e34aca0b040ffe46"},
    {file = "PyYAML-5.4.1-cp38-cp38-manylinux1_x86_64.whl", hash = "sha256:8c1be557ee92a20f184922c7b6424e8ab6691788e6d86137c5d93c1a6ec1b8fb"},
    {file = "PyYAML-5.4.1-cp38-cp38-manylinux2014_aarch64.whl", hash = "sha256:fd7f6999a8070df521b6384004ef42833b9bd62cfee11a09bda1079b4b704247"},
    {file = "PyYAML-5.4.1-cp38-cp38-manylinux2014_s390x.whl", hash = "sha256:bfb51918d4ff3d77c1c856a9699f8492c612cde32fd3bcd344af9be34999bfdc"},
    {file = "PyYAML-5.4.1-cp38-cp38-win32.whl", hash = "sha256:fa5ae20527d8e831e8230cbffd9f8fe952815b2b7dae6ffec25318803a7528fc"},
    {file = "PyYAML-5.4.1-cp38-cp38-win_amd64.whl", hash = "sha256:0f5f5786c0e09baddcd8b4b45f20a7b5d61a7e7e99846e3c799b05c7c53fa696"},
    {file = "PyYAML-5.4.1-cp39-cp39-macosx_10_9_x86_64.whl", hash = "sha256:294db365efa064d00b8d1ef65d8ea2c3426ac366c0c4368d930bf1c5fb497f77"},
    {file = "PyYAML-5.4.1-cp39-cp39-manylinux1_x86_64.whl", hash = "sha256:74c1485f7707cf707a7aef42ef6322b8f97921bd89be2ab6317fd782c2d53183"},
    {file = "PyYAML-5.4.1-cp39-cp39-manylinux2014_aarch64.whl", hash = "sha256:d483ad4e639292c90170eb6f7783ad19490e7a8defb3e46f97dfe4bacae89122"},
    {file = "PyYAML-5.4.1-cp39-cp39-manylinux2014_s390x.whl", hash = "sha256:fdc842473cd33f45ff6bce46aea678a54e3d21f1b61a7750ce3c498eedfe25d6"},
    {file = "PyYAML-5.4.1-cp39-cp39-win32.whl", hash = "sha256:49d4cdd9065b9b6e206d0595fee27a96b5dd22618e7520c33204a4a3239d5b10"},
    {file = "PyYAML-5.4.1-cp39-cp39-win_amd64.whl", hash = "sha256:c20cfa2d49991c8b4147af39859b167664f2ad4561704ee74c1de03318e898db"},
    {file = "PyYAML-5.4.1.tar.gz", hash = "sha256:607774cbba28732bfa802b54baa7484215f530991055bb562efbed5b2f20a45e"},
]

[[package]]
name = "redis"
version = "3.5.3"
description = "Python client for Redis key-value store"
optional = false
python-versions = ">=2.7, !=3.0.*, !=3.1.*, !=3.2.*, !=3.3.*, !=3.4.*"
files = [
    {file = "redis-3.5.3-py2.py3-none-any.whl", hash = "sha256:432b788c4530cfe16d8d943a09d40ca6c16149727e4afe8c2c9d5580c59d9f24"},
    {file = "redis-3.5.3.tar.gz", hash = "sha256:0e7e0cfca8660dea8b7d5cd8c4f6c5e29e11f31158c0b0ae91a397f00e5a05a2"},
]

[package.extras]
hiredis = ["hiredis (>=0.1.3)"]

[[package]]
name = "setuptools-git"
version = "1.2"
description = "Setuptools revision control system plugin for Git"
optional = false
python-versions = "*"
files = [
    {file = "setuptools-git-1.2.tar.gz", hash = "sha256:ff64136da01aabba76ae88b050e7197918d8b2139ccbf6144e14d472b9c40445"},
    {file = "setuptools_git-1.2-py2.py3-none-any.whl", hash = "sha256:e7764dccce7d97b4b5a330d7b966aac6f9ac026385743fd6cedad553f2494cfa"},
]

[[package]]
name = "six"
version = "1.16.0"
description = "Python 2 and 3 compatibility utilities"
optional = false
python-versions = ">=2.7, !=3.0.*, !=3.1.*, !=3.2.*"
files = [
    {file = "six-1.16.0-py2.py3-none-any.whl", hash = "sha256:8abb2f1d86890a2dfb989f9a77cfcfd3e47c2a354b01111771326f8aa26e0254"},
    {file = "six-1.16.0.tar.gz", hash = "sha256:1e61c37477a1626458e36f7b1d82aa5c9b094fa4802892072e49de9c60c4c926"},
]

[[package]]
name = "sqlparse"
version = "0.4.1"
description = "A non-validating SQL parser."
optional = false
python-versions = ">=3.5"
files = [
    {file = "sqlparse-0.4.1-py3-none-any.whl", hash = "sha256:017cde379adbd6a1f15a61873f43e8274179378e95ef3fede90b5aa64d304ed0"},
    {file = "sqlparse-0.4.1.tar.gz", hash = "sha256:0f91fd2e829c44362cbcfab3e9ae12e22badaa8a29ad5ff599f9ec109f0454e8"},
]

[[package]]
name = "tablib"
version = "3.2.1"
description = "Format agnostic tabular data library (XLS, JSON, YAML, CSV)"
optional = false
python-versions = ">=3.7"
files = [
    {file = "tablib-3.2.1-py3-none-any.whl", hash = "sha256:870d7e688f738531a14937a055e8bba404fbc388e77d4d500b2c904075d1019c"},
    {file = "tablib-3.2.1.tar.gz", hash = "sha256:a57f2770b8c225febec1cb1e65012a69cf30dd28be810e0ff98d024768c7d0f1"},
]

[package.dependencies]
markuppy = {version = "*", optional = true, markers = "extra == \"html\""}
odfpy = {version = "*", optional = true, markers = "extra == \"ods\""}
openpyxl = {version = ">=2.6.0", optional = true, markers = "extra == \"xlsx\""}
pyyaml = {version = "*", optional = true, markers = "extra == \"yaml\""}
xlrd = {version = "*", optional = true, markers = "extra == \"xls\""}
xlwt = {version = "*", optional = true, markers = "extra == \"xls\""}

[package.extras]
all = ["markuppy", "odfpy", "openpyxl (>=2.6.0)", "pandas", "pyyaml", "tabulate", "xlrd", "xlwt"]
cli = ["tabulate"]
html = ["markuppy"]
ods = ["odfpy"]
pandas = ["pandas"]
xls = ["xlrd", "xlwt"]
xlsx = ["openpyxl (>=2.6.0)"]
yaml = ["pyyaml"]

[[package]]
name = "tomli"
version = "2.0.1"
description = "A lil' TOML parser"
optional = false
python-versions = ">=3.7"
files = [
    {file = "tomli-2.0.1-py3-none-any.whl", hash = "sha256:939de3e7a6161af0c887ef91b7d41a53e7c5a1ca976325f429cb46ea9bc30ecc"},
    {file = "tomli-2.0.1.tar.gz", hash = "sha256:de526c12914f0c550d15924c62d72abc48d6fe7364aa87328337a31007fe8a4f"},
]

[[package]]
name = "typed-ast"
version = "1.4.3"
description = "a fork of Python 2 and 3 ast modules with type comment support"
optional = false
python-versions = "*"
files = [
    {file = "typed_ast-1.4.3-cp35-cp35m-manylinux1_i686.whl", hash = "sha256:2068531575a125b87a41802130fa7e29f26c09a2833fea68d9a40cf33902eba6"},
    {file = "typed_ast-1.4.3-cp35-cp35m-manylinux1_x86_64.whl", hash = "sha256:c907f561b1e83e93fad565bac5ba9c22d96a54e7ea0267c708bffe863cbe4075"},
    {file = "typed_ast-1.4.3-cp35-cp35m-manylinux2014_aarch64.whl", hash = "sha256:1b3ead4a96c9101bef08f9f7d1217c096f31667617b58de957f690c92378b528"},
    {file = "typed_ast-1.4.3-cp35-cp35m-win32.whl", hash = "sha256:dde816ca9dac1d9c01dd504ea5967821606f02e510438120091b84e852367428"},
    {file = "typed_ast-1.4.3-cp35-cp35m-win_amd64.whl", hash = "sha256:777a26c84bea6cd934422ac2e3b78863a37017618b6e5c08f92ef69853e765d3"},
    {file = "typed_ast-1.4.3-cp36-cp36m-macosx_10_9_x86_64.whl", hash = "sha256:f8afcf15cc511ada719a88e013cec87c11aff7b91f019295eb4530f96fe5ef2f"},
    {file = "typed_ast-1.4.3-cp36-cp36m-manylinux1_i686.whl", hash = "sha256:52b1eb8c83f178ab787f3a4283f68258525f8d70f778a2f6dd54d3b5e5fb4341"},
    {file = "typed_ast-1.4.3-cp36-cp36m-manylinux1_x86_64.whl", hash = "sha256:01ae5f73431d21eead5015997ab41afa53aa1fbe252f9da060be5dad2c730ace"},
    {file = "typed_ast-1.4.3-cp36-cp36m-manylinux2014_aarch64.whl", hash = "sha256:c190f0899e9f9f8b6b7863debfb739abcb21a5c054f911ca3596d12b8a4c4c7f"},
    {file = "typed_ast-1.4.3-cp36-cp36m-win32.whl", hash = "sha256:398e44cd480f4d2b7ee8d98385ca104e35c81525dd98c519acff1b79bdaac363"},
    {file = "typed_ast-1.4.3-cp36-cp36m-win_amd64.whl", hash = "sha256:bff6ad71c81b3bba8fa35f0f1921fb24ff4476235a6e94a26ada2e54370e6da7"},
    {file = "typed_ast-1.4.3-cp37-cp37m-macosx_10_9_x86_64.whl", hash = "sha256:0fb71b8c643187d7492c1f8352f2c15b4c4af3f6338f21681d3681b3dc31a266"},
    {file = "typed_ast-1.4.3-cp37-cp37m-manylinux1_i686.whl", hash = "sha256:760ad187b1041a154f0e4d0f6aae3e40fdb51d6de16e5c99aedadd9246450e9e"},
    {file = "typed_ast-1.4.3-cp37-cp37m-manylinux1_x86_64.whl", hash = "sha256:5feca99c17af94057417d744607b82dd0a664fd5e4ca98061480fd8b14b18d04"},
    {file = "typed_ast-1.4.3-cp37-cp37m-manylinux2014_aarch64.whl", hash = "sha256:95431a26309a21874005845c21118c83991c63ea800dd44843e42a916aec5899"},
    {file = "typed_ast-1.4.3-cp37-cp37m-win32.whl", hash = "sha256:aee0c1256be6c07bd3e1263ff920c325b59849dc95392a05f258bb9b259cf39c"},
    {file = "typed_ast-1.4.3-cp37-cp37m-win_amd64.whl", hash = "sha256:9ad2c92ec681e02baf81fdfa056fe0d818645efa9af1f1cd5fd6f1bd2bdfd805"},
    {file = "typed_ast-1.4.3-cp38-cp38-macosx_10_9_x86_64.whl", hash = "sha256:b36b4f3920103a25e1d5d024d155c504080959582b928e91cb608a65c3a49e1a"},
    {file = "typed_ast-1.4.3-cp38-cp38-manylinux1_i686.whl", hash = "sha256:067a74454df670dcaa4e59349a2e5c81e567d8d65458d480a5b3dfecec08c5ff"},
    {file = "typed_ast-1.4.3-cp38-cp38-manylinux1_x86_64.whl", hash = "sha256:7538e495704e2ccda9b234b82423a4038f324f3a10c43bc088a1636180f11a41"},
    {file = "typed_ast-1.4.3-cp38-cp38-manylinux2014_aarch64.whl", hash = "sha256:af3d4a73793725138d6b334d9d247ce7e5f084d96284ed23f22ee626a7b88e39"},
    {file = "typed_ast-1.4.3-cp38-cp38-win32.whl", hash = "sha256:f2362f3cb0f3172c42938946dbc5b7843c2a28aec307c49100c8b38764eb6927"},
    {file = "typed_ast-1.4.3-cp38-cp38-win_amd64.whl", hash = "sha256:dd4a21253f42b8d2b48410cb31fe501d32f8b9fbeb1f55063ad102fe9c425e40"},
    {file = "typed_ast-1.4.3-cp39-cp39-macosx_10_9_x86_64.whl", hash = "sha256:f328adcfebed9f11301eaedfa48e15bdece9b519fb27e6a8c01aa52a17ec31b3"},
    {file = "typed_ast-1.4.3-cp39-cp39-manylinux1_i686.whl", hash = "sha256:2c726c276d09fc5c414693a2de063f521052d9ea7c240ce553316f70656c84d4"},
    {file = "typed_ast-1.4.3-cp39-cp39-manylinux1_x86_64.whl", hash = "sha256:cae53c389825d3b46fb37538441f75d6aecc4174f615d048321b716df2757fb0"},
    {file = "typed_ast-1.4.3-cp39-cp39-manylinux2014_aarch64.whl", hash = "sha256:b9574c6f03f685070d859e75c7f9eeca02d6933273b5e69572e5ff9d5e3931c3"},
    {file = "typed_ast-1.4.3-cp39-cp39-win32.whl", hash = "sha256:209596a4ec71d990d71d5e0d312ac935d86930e6eecff6ccc7007fe54d703808"},
    {file = "typed_ast-1.4.3-cp39-cp39-win_amd64.whl", hash = "sha256:9c6d1a54552b5330bc657b7ef0eae25d00ba7ffe85d9ea8ae6540d2197a3788c"},
    {file = "typed_ast-1.4.3.tar.gz", hash = "sha256:fb1bbeac803adea29cedd70781399c99138358c26d05fcbd23c13016b7f5ec65"},
]

[[package]]
name = "typing-extensions"
version = "3.10.0.2"
description = "Backported and Experimental Type Hints for Python 3.5+"
optional = false
python-versions = "*"
files = [
    {file = "typing_extensions-3.10.0.2-py2-none-any.whl", hash = "sha256:d8226d10bc02a29bcc81df19a26e56a9647f8b0a6d4a83924139f4a8b01f17b7"},
    {file = "typing_extensions-3.10.0.2-py3-none-any.whl", hash = "sha256:f1d25edafde516b146ecd0613dabcc61409817af4766fbbcfb8d1ad4ec441a34"},
    {file = "typing_extensions-3.10.0.2.tar.gz", hash = "sha256:49f75d16ff11f1cd258e1b988ccff82a3ca5570217d7ad8c5f48205dd99a677e"},
]

[[package]]
name = "urwid"
version = "2.1.2"
description = "A full-featured console (xterm et al.) user interface library"
optional = false
python-versions = "*"
files = [
    {file = "urwid-2.1.2.tar.gz", hash = "sha256:588bee9c1cb208d0906a9f73c613d2bd32c3ed3702012f51efe318a3f2127eae"},
]

[[package]]
name = "vine"
version = "5.0.0"
description = "Promises, promises, promises."
optional = false
python-versions = ">=3.6"
files = [
    {file = "vine-5.0.0-py2.py3-none-any.whl", hash = "sha256:4c9dceab6f76ed92105027c49c823800dd33cacce13bdedc5b914e3514b7fb30"},
    {file = "vine-5.0.0.tar.gz", hash = "sha256:7d3b1624a953da82ef63462013bbd271d3eb75751489f9807598e8f340bd637e"},
]

[[package]]
name = "wcwidth"
version = "0.2.5"
description = "Measures the displayed width of unicode strings in a terminal"
optional = false
python-versions = "*"
files = [
    {file = "wcwidth-0.2.5-py2.py3-none-any.whl", hash = "sha256:beb4802a9cebb9144e99086eff703a642a13d6a0052920003a230f3294bbe784"},
    {file = "wcwidth-0.2.5.tar.gz", hash = "sha256:c4d647b99872929fdb7bdcaa4fbe7f01413ed3d98077df798530e5b04f116c83"},
]

[[package]]
name = "xlrd"
version = "2.0.1"
description = "Library for developers to extract data from Microsoft Excel (tm) .xls spreadsheet files"
optional = false
python-versions = ">=2.7, !=3.0.*, !=3.1.*, !=3.2.*, !=3.3.*, !=3.4.*, !=3.5.*"
files = [
    {file = "xlrd-2.0.1-py2.py3-none-any.whl", hash = "sha256:6a33ee89877bd9abc1158129f6e94be74e2679636b8a205b43b85206c3f0bbdd"},
    {file = "xlrd-2.0.1.tar.gz", hash = "sha256:f72f148f54442c6b056bf931dbc34f986fd0c3b0b6b5a58d013c9aef274d0c88"},
]

[package.extras]
build = ["twine", "wheel"]
docs = ["sphinx"]
test = ["pytest", "pytest-cov"]

[[package]]
name = "xlwt"
version = "1.3.0"
description = "Library to create spreadsheet files compatible with MS Excel 97/2000/XP/2003 XLS files, on any platform, with Python 2.6, 2.7, 3.3+"
optional = false
python-versions = "*"
files = [
    {file = "xlwt-1.3.0-py2.py3-none-any.whl", hash = "sha256:a082260524678ba48a297d922cc385f58278b8aa68741596a87de01a9c628b2e"},
    {file = "xlwt-1.3.0.tar.gz", hash = "sha256:c59912717a9b28f1a3c2a98fd60741014b06b043936dcecbc113eaaada156c88"},
]

[[package]]
name = "zipp"
version = "3.5.0"
description = "Backport of pathlib-compatible object wrapper for zip files"
optional = false
python-versions = ">=3.6"
files = [
    {file = "zipp-3.5.0-py3-none-any.whl", hash = "sha256:957cfda87797e389580cb8b9e3870841ca991e2125350677b2ca83a0e99390a3"},
    {file = "zipp-3.5.0.tar.gz", hash = "sha256:f5812b1e007e48cff63449a5e9f4e7ebea716b4111f9c4f9a645f91d579bf0c4"},
]

[package.extras]
docs = ["jaraco.packaging (>=8.2)", "rst.linker (>=1.9)", "sphinx"]
testing = ["func-timeout", "jaraco.itertools", "pytest (>=4.6)", "pytest-black (>=0.3.7)", "pytest-checkdocs (>=2.4)", "pytest-cov", "pytest-enabler (>=1.0.1)", "pytest-flake8", "pytest-mypy"]

[metadata]
lock-version = "2.0"
python-versions = "^3.7"
content-hash = "a3648819f33a1e0bf8777c6ea2b3404fd85ab3102dce0a6ccde9547efe96f9ff"
