[[package]]
name = "amqp"
version = "5.0.6"
description = "Low-level AMQP client for Python (fork of amqplib)."
category = "main"
optional = false
python-versions = ">=3.6"

[package.dependencies]
vine = "5.0.0"

[[package]]
name = "appdirs"
version = "1.4.4"
description = "A small Python module for determining appropriate platform-specific dirs, e.g. a \"user data dir\"."
category = "dev"
optional = false
python-versions = "*"

[[package]]
name = "asgiref"
version = "3.4.1"
description = "ASGI specs, helper code, and adapters"
category = "main"
optional = false
python-versions = ">=3.6"

[package.dependencies]
typing-extensions = {version = "*", markers = "python_version < \"3.8\""}

[package.extras]
tests = ["pytest", "pytest-asyncio", "mypy (>=0.800)"]

[[package]]
name = "attrs"
version = "21.2.0"
description = "Classes Without Boilerplate"
category = "dev"
optional = false
python-versions = ">=2.7, !=3.0.*, !=3.1.*, !=3.2.*, !=3.3.*, !=3.4.*"

[package.extras]
dev = ["coverage[toml] (>=5.0.2)", "hypothesis", "pympler", "pytest (>=4.3.0)", "six", "mypy", "pytest-mypy-plugins", "zope.interface", "furo", "sphinx", "sphinx-notfound-page", "pre-commit"]
docs = ["furo", "sphinx", "zope.interface", "sphinx-notfound-page"]
tests = ["coverage[toml] (>=5.0.2)", "hypothesis", "pympler", "pytest (>=4.3.0)", "six", "mypy", "pytest-mypy-plugins", "zope.interface"]
tests_no_zope = ["coverage[toml] (>=5.0.2)", "hypothesis", "pympler", "pytest (>=4.3.0)", "six", "mypy", "pytest-mypy-plugins"]

[[package]]
name = "billiard"
version = "3.6.4.0"
description = "Python multiprocessing fork with improvements and bugfixes"
category = "main"
optional = false
python-versions = "*"

[[package]]
name = "black"
version = "19.10b0"
description = "The uncompromising code formatter."
category = "dev"
optional = false
python-versions = ">=3.6"

[package.dependencies]
appdirs = "*"
attrs = ">=18.1.0"
click = ">=6.5"
pathspec = ">=0.6,<1"
regex = "*"
toml = ">=0.9.4"
typed-ast = ">=1.4.0"

[package.extras]
d = ["aiohttp (>=3.3.2)", "aiohttp-cors"]

[[package]]
name = "cached-property"
version = "1.5.2"
description = "A decorator for caching properties in classes."
category = "main"
optional = false
python-versions = "*"

[[package]]
name = "celery"
version = "5.0.2"
description = "Distributed Task Queue."
category = "main"
optional = false
python-versions = ">=3.6,"

[package.dependencies]
billiard = ">=3.6.3.0,<4.0"
click = ">=7.0"
click-didyoumean = ">=0.0.3"
click-repl = ">=0.1.6"
kombu = ">=5.0.0,<6.0"
pytz = ">0.0-dev"
vine = ">=5.0.0,<6.0"

[package.extras]
arangodb = ["pyArango (>=1.3.2)"]
auth = ["cryptography"]
azureblockblob = ["azure-storage (==0.36.0)", "azure-common (==1.1.5)", "azure-storage-common (==1.1.0)"]
brotli = ["brotli (>=1.0.0)", "brotlipy (>=0.7.0)"]
cassandra = ["cassandra-driver (<3.21.0)"]
consul = ["python-consul"]
cosmosdbsql = ["pydocumentdb (==2.3.2)"]
couchbase = ["couchbase (>=3.0.0)"]
couchdb = ["pycouchdb"]
django = ["Django (>=1.11)"]
dynamodb = ["boto3 (>=1.9.178)"]
elasticsearch = ["elasticsearch"]
eventlet = ["eventlet (>=0.26.1)"]
gevent = ["gevent (>=1.0.0)"]
librabbitmq = ["librabbitmq (>=1.5.0)"]
lzma = ["backports.lzma"]
memcache = ["pylibmc"]
mongodb = ["pymongo[srv] (>=3.3.0)"]
msgpack = ["msgpack"]
pymemcache = ["python-memcached"]
pyro = ["pyro4"]
redis = ["redis (>=3.2.0)"]
s3 = ["boto3 (>=1.9.125)"]
slmq = ["softlayer-messaging (>=1.0.3)"]
solar = ["ephem"]
sqlalchemy = ["sqlalchemy"]
sqs = ["boto3 (>=1.9.125)", "pycurl (==7.43.0.5)"]
tblib = ["tblib (>=1.3.0)", "tblib (>=1.5.0)"]
yaml = ["PyYAML (>=3.10)"]
zookeeper = ["kazoo (>=1.3.1)"]
zstd = ["zstandard"]

[[package]]
name = "click"
version = "8.0.1"
description = "Composable command line interface toolkit"
category = "main"
optional = false
python-versions = ">=3.6"

[package.dependencies]
colorama = {version = "*", markers = "platform_system == \"Windows\""}
importlib-metadata = {version = "*", markers = "python_version < \"3.8\""}

[[package]]
name = "click-didyoumean"
version = "0.0.3"
description = "Enable git-like did-you-mean feature in click."
category = "main"
optional = false
python-versions = "*"

[package.dependencies]
click = "*"

[[package]]
name = "click-repl"
version = "0.2.0"
description = "REPL plugin for Click"
category = "main"
optional = false
python-versions = "*"

[package.dependencies]
click = "*"
prompt-toolkit = "*"
six = "*"

[[package]]
name = "colorama"
version = "0.4.4"
description = "Cross-platform colored terminal text."
category = "main"
optional = false
python-versions = ">=2.7, !=3.0.*, !=3.1.*, !=3.2.*, !=3.3.*, !=3.4.*"

[[package]]
name = "defusedxml"
version = "0.7.1"
description = "XML bomb protection for Python stdlib modules"
category = "main"
optional = false
python-versions = ">=2.7, !=3.0.*, !=3.1.*, !=3.2.*, !=3.3.*, !=3.4.*"

[[package]]
name = "diff-match-patch"
version = "20200713"
description = "Repackaging of Google's Diff Match and Patch libraries. Offers robust algorithms to perform the operations required for synchronizing plain text."
category = "main"
optional = false
python-versions = ">=2.7"

[[package]]
name = "django"
version = "3.2.7"
description = "A high-level Python Web framework that encourages rapid development and clean, pragmatic design."
category = "main"
optional = false
python-versions = ">=3.6"

[package.dependencies]
asgiref = ">=3.3.2,<4"
pytz = "*"
sqlparse = ">=0.2.2"

[package.extras]
argon2 = ["argon2-cffi (>=19.1.0)"]
bcrypt = ["bcrypt"]

[[package]]
name = "django-admin-smoke-tests"
version = "0.3.0"
description = "Runs some quick tests on your admin site objects to make sure there aren't non-existant fields listed, etc."
category = "dev"
optional = false
python-versions = "*"

[package.dependencies]
django = ">=1.6"
six = "*"

[[package]]
name = "django-author"
version = "1.0.2"
description = "Add special User ForeignKey fields which update automatically"
category = "main"
optional = false
python-versions = "*"

[package.dependencies]
setuptools-git = "*"

[[package]]
name = "django-import-export"
version = "2.5.0"
description = "Django application and library for importing and exporting data with included admin integration."
category = "main"
optional = false
python-versions = ">=3.5"

[package.dependencies]
diff-match-patch = "*"
Django = ">=2.0"
tablib = {version = ">=0.14.0", extras = ["html", "ods", "xls", "xlsx", "yaml"]}

[[package]]
name = "et-xmlfile"
version = "1.1.0"
description = "An implementation of lxml.xmlfile for the standard library"
category = "main"
optional = false
python-versions = ">=3.6"

[[package]]
name = "importlib-metadata"
version = "4.8.1"
description = "Read metadata from Python packages"
category = "main"
optional = false
python-versions = ">=3.6"

[package.dependencies]
typing-extensions = {version = ">=3.6.4", markers = "python_version < \"3.8\""}
zipp = ">=0.5"

[package.extras]
docs = ["sphinx", "jaraco.packaging (>=8.2)", "rst.linker (>=1.9)"]
perf = ["ipython"]
testing = ["pytest (>=4.6)", "pytest-checkdocs (>=2.4)", "pytest-flake8", "pytest-cov", "pytest-enabler (>=1.0.1)", "packaging", "pep517", "pyfakefs", "flufl.flake8", "pytest-perf (>=0.9.2)", "pytest-black (>=0.3.7)", "pytest-mypy", "importlib-resources (>=1.3)"]

[[package]]
name = "kombu"
version = "5.1.0"
description = "Messaging library for Python."
category = "main"
optional = false
python-versions = ">=3.6"

[package.dependencies]
amqp = ">=5.0.6,<6.0.0"
cached-property = {version = "*", markers = "python_version < \"3.8\""}
importlib-metadata = {version = ">=0.18", markers = "python_version < \"3.8\""}
vine = "*"

[package.extras]
azureservicebus = ["azure-servicebus (>=7.0.0)"]
azurestoragequeues = ["azure-storage-queue"]
consul = ["python-consul (>=0.6.0)"]
librabbitmq = ["librabbitmq (>=1.5.2)"]
mongodb = ["pymongo (>=3.3.0)"]
msgpack = ["msgpack"]
pyro = ["pyro4"]
qpid = ["qpid-python (>=0.26)", "qpid-tools (>=0.26)"]
redis = ["redis (>=3.3.11)"]
slmq = ["softlayer-messaging (>=1.0.3)"]
sqlalchemy = ["sqlalchemy"]
sqs = ["boto3 (>=1.4.4)", "pycurl (==7.43.0.2)", "urllib3 (<1.26)"]
yaml = ["PyYAML (>=3.10)"]
zookeeper = ["kazoo (>=1.3.1)"]

[[package]]
name = "markuppy"
version = "1.14"
description = "An HTML/XML generator"
category = "main"
optional = false
python-versions = "*"

[[package]]
name = "odfpy"
version = "1.4.1"
description = "Python API and tools to manipulate OpenDocument files"
category = "main"
optional = false
python-versions = "*"

[package.dependencies]
defusedxml = "*"

[[package]]
name = "openpyxl"
version = "3.0.7"
description = "A Python library to read/write Excel 2010 xlsx/xlsm files"
category = "main"
optional = false
python-versions = ">=3.6,"

[package.dependencies]
et-xmlfile = "*"

[[package]]
name = "pathspec"
version = "0.9.0"
description = "Utility library for gitignore style pattern matching of file paths."
category = "dev"
optional = false
python-versions = "!=3.0.*,!=3.1.*,!=3.2.*,!=3.3.*,!=3.4.*,>=2.7"

[[package]]
name = "prompt-toolkit"
version = "3.0.20"
description = "Library for building powerful interactive command lines in Python"
category = "main"
optional = false
python-versions = ">=3.6.2"

[package.dependencies]
wcwidth = "*"

[[package]]
name = "psycopg2-binary"
version = "2.9.1"
description = "psycopg2 - Python-PostgreSQL Database Adapter"
category = "main"
optional = false
python-versions = ">=3.6"

[[package]]
name = "pudb"
version = "2019.2"
description = "A full-screen, console-based Python debugger"
category = "dev"
optional = false
python-versions = "*"

[package.dependencies]
pygments = ">=1.0"
urwid = ">=1.1.1"

[[package]]
name = "pygments"
version = "2.10.0"
description = "Pygments is a syntax highlighting package written in Python."
category = "dev"
optional = false
python-versions = ">=3.5"

[[package]]
name = "pytz"
version = "2021.1"
description = "World timezone definitions, modern and historical"
category = "main"
optional = false
python-versions = "*"

[[package]]
name = "pyyaml"
version = "5.4.1"
description = "YAML parser and emitter for Python"
category = "main"
optional = false
python-versions = ">=2.7, !=3.0.*, !=3.1.*, !=3.2.*, !=3.3.*, !=3.4.*, !=3.5.*"

[[package]]
name = "redis"
version = "3.5.3"
description = "Python client for Redis key-value store"
category = "main"
optional = false
python-versions = ">=2.7, !=3.0.*, !=3.1.*, !=3.2.*, !=3.3.*, !=3.4.*"

[package.extras]
hiredis = ["hiredis (>=0.1.3)"]

[[package]]
name = "regex"
version = "2021.8.28"
description = "Alternative regular expression module, to replace re."
category = "dev"
optional = false
python-versions = "*"

[[package]]
name = "setuptools-git"
version = "1.2"
description = "Setuptools revision control system plugin for Git"
category = "main"
optional = false
python-versions = "*"

[[package]]
name = "six"
version = "1.16.0"
description = "Python 2 and 3 compatibility utilities"
category = "main"
optional = false
python-versions = ">=2.7, !=3.0.*, !=3.1.*, !=3.2.*"

[[package]]
name = "sqlparse"
version = "0.4.1"
description = "A non-validating SQL parser."
category = "main"
optional = false
python-versions = ">=3.5"

[[package]]
name = "tablib"
version = "3.0.0"
description = "Format agnostic tabular data library (XLS, JSON, YAML, CSV)"
category = "main"
optional = false
python-versions = ">=3.6"

[package.dependencies]
markuppy = {version = "*", optional = true, markers = "extra == \"html\""}
odfpy = {version = "*", optional = true, markers = "extra == \"ods\""}
openpyxl = {version = ">=2.6.0", optional = true, markers = "extra == \"xlsx\""}
pyyaml = {version = "*", optional = true, markers = "extra == \"yaml\""}
xlrd = {version = "*", optional = true, markers = "extra == \"xls\""}
xlwt = {version = "*", optional = true, markers = "extra == \"xls\""}

[package.extras]
all = ["markuppy", "odfpy", "openpyxl (>=2.6.0)", "pandas", "pyyaml", "tabulate", "xlrd", "xlwt"]
cli = ["tabulate"]
html = ["markuppy"]
ods = ["odfpy"]
pandas = ["pandas"]
xls = ["xlrd", "xlwt"]
xlsx = ["openpyxl (>=2.6.0)"]
yaml = ["pyyaml"]

[[package]]
name = "toml"
version = "0.10.2"
description = "Python Library for Tom's Obvious, Minimal Language"
category = "dev"
optional = false
python-versions = ">=2.6, !=3.0.*, !=3.1.*, !=3.2.*"

[[package]]
name = "typed-ast"
version = "1.4.3"
description = "a fork of Python 2 and 3 ast modules with type comment support"
category = "dev"
optional = false
python-versions = "*"

[[package]]
name = "typing-extensions"
version = "3.10.0.2"
description = "Backported and Experimental Type Hints for Python 3.5+"
category = "main"
optional = false
python-versions = "*"

[[package]]
name = "urwid"
version = "2.1.2"
description = "A full-featured console (xterm et al.) user interface library"
category = "dev"
optional = false
python-versions = "*"

[[package]]
name = "vine"
version = "5.0.0"
description = "Promises, promises, promises."
category = "main"
optional = false
python-versions = ">=3.6"

[[package]]
name = "wcwidth"
version = "0.2.5"
description = "Measures the displayed width of unicode strings in a terminal"
category = "main"
optional = false
python-versions = "*"

[[package]]
name = "xlrd"
version = "2.0.1"
description = "Library for developers to extract data from Microsoft Excel (tm) .xls spreadsheet files"
category = "main"
optional = false
python-versions = ">=2.7, !=3.0.*, !=3.1.*, !=3.2.*, !=3.3.*, !=3.4.*, !=3.5.*"

[package.extras]
build = ["wheel", "twine"]
docs = ["sphinx"]
test = ["pytest", "pytest-cov"]

[[package]]
name = "xlwt"
version = "1.3.0"
description = "Library to create spreadsheet files compatible with MS Excel 97/2000/XP/2003 XLS files, on any platform, with Python 2.6, 2.7, 3.3+"
category = "main"
optional = false
python-versions = "*"

[[package]]
name = "zipp"
version = "3.5.0"
description = "Backport of pathlib-compatible object wrapper for zip files"
category = "main"
optional = false
python-versions = ">=3.6"

[package.extras]
docs = ["sphinx", "jaraco.packaging (>=8.2)", "rst.linker (>=1.9)"]
testing = ["pytest (>=4.6)", "pytest-checkdocs (>=2.4)", "pytest-flake8", "pytest-cov", "pytest-enabler (>=1.0.1)", "jaraco.itertools", "func-timeout", "pytest-black (>=0.3.7)", "pytest-mypy"]

[metadata]
lock-version = "1.1"
python-versions = "^3.7"
content-hash = "ff6bc8b6226fe4cda9ac55e605e2f8e31a1d3d9ca1f9c9d1608b9a0f829ddb2c"

[metadata.files]
amqp = [
    {file = "amqp-5.0.6-py3-none-any.whl", hash = "sha256:493a2ac6788ce270a2f6a765b017299f60c1998f5a8617908ee9be082f7300fb"},
    {file = "amqp-5.0.6.tar.gz", hash = "sha256:03e16e94f2b34c31f8bf1206d8ddd3ccaa4c315f7f6a1879b7b1210d229568c2"},
]
appdirs = [
    {file = "appdirs-1.4.4-py2.py3-none-any.whl", hash = "sha256:a841dacd6b99318a741b166adb07e19ee71a274450e68237b4650ca1055ab128"},
    {file = "appdirs-1.4.4.tar.gz", hash = "sha256:7d5d0167b2b1ba821647616af46a749d1c653740dd0d2415100fe26e27afdf41"},
]
asgiref = [
    {file = "asgiref-3.4.1-py3-none-any.whl", hash = "sha256:ffc141aa908e6f175673e7b1b3b7af4fdb0ecb738fc5c8b88f69f055c2415214"},
    {file = "asgiref-3.4.1.tar.gz", hash = "sha256:4ef1ab46b484e3c706329cedeff284a5d40824200638503f5768edb6de7d58e9"},
]
attrs = [
    {file = "attrs-21.2.0-py2.py3-none-any.whl", hash = "sha256:149e90d6d8ac20db7a955ad60cf0e6881a3f20d37096140088356da6c716b0b1"},
    {file = "attrs-21.2.0.tar.gz", hash = "sha256:ef6aaac3ca6cd92904cdd0d83f629a15f18053ec84e6432106f7a4d04ae4f5fb"},
]
billiard = [
    {file = "billiard-3.6.4.0-py3-none-any.whl", hash = "sha256:87103ea78fa6ab4d5c751c4909bcff74617d985de7fa8b672cf8618afd5a875b"},
    {file = "billiard-3.6.4.0.tar.gz", hash = "sha256:299de5a8da28a783d51b197d496bef4f1595dd023a93a4f59dde1886ae905547"},
]
black = [
    {file = "black-19.10b0-py36-none-any.whl", hash = "sha256:1b30e59be925fafc1ee4565e5e08abef6b03fe455102883820fe5ee2e4734e0b"},
    {file = "black-19.10b0.tar.gz", hash = "sha256:c2edb73a08e9e0e6f65a0e6af18b059b8b1cdd5bef997d7a0b181df93dc81539"},
]
cached-property = [
    {file = "cached-property-1.5.2.tar.gz", hash = "sha256:9fa5755838eecbb2d234c3aa390bd80fbd3ac6b6869109bfc1b499f7bd89a130"},
    {file = "cached_property-1.5.2-py2.py3-none-any.whl", hash = "sha256:df4f613cf7ad9a588cc381aaf4a512d26265ecebd5eb9e1ba12f1319eb85a6a0"},
]
celery = [
    {file = "celery-5.0.2-py3-none-any.whl", hash = "sha256:930c3acd55349d028c4e7104a7d377729cbcca19d9fce470c17172d9e7f9a8b6"},
    {file = "celery-5.0.2.tar.gz", hash = "sha256:012c814967fe89e3f5d2cf49df2dba3de5f29253a7f4f2270e8fce6b901b4ebf"},
]
click = [
    {file = "click-8.0.1-py3-none-any.whl", hash = "sha256:fba402a4a47334742d782209a7c79bc448911afe1149d07bdabdf480b3e2f4b6"},
    {file = "click-8.0.1.tar.gz", hash = "sha256:8c04c11192119b1ef78ea049e0a6f0463e4c48ef00a30160c704337586f3ad7a"},
]
click-didyoumean = [
    {file = "click-didyoumean-0.0.3.tar.gz", hash = "sha256:112229485c9704ff51362fe34b2d4f0b12fc71cc20f6d2b3afabed4b8bfa6aeb"},
]
click-repl = [
    {file = "click-repl-0.2.0.tar.gz", hash = "sha256:cd12f68d745bf6151210790540b4cb064c7b13e571bc64b6957d98d120dacfd8"},
    {file = "click_repl-0.2.0-py3-none-any.whl", hash = "sha256:94b3fbbc9406a236f176e0506524b2937e4b23b6f4c0c0b2a0a83f8a64e9194b"},
]
colorama = [
    {file = "colorama-0.4.4-py2.py3-none-any.whl", hash = "sha256:9f47eda37229f68eee03b24b9748937c7dc3868f906e8ba69fbcbdd3bc5dc3e2"},
    {file = "colorama-0.4.4.tar.gz", hash = "sha256:5941b2b48a20143d2267e95b1c2a7603ce057ee39fd88e7329b0c292aa16869b"},
]
defusedxml = [
    {file = "defusedxml-0.7.1-py2.py3-none-any.whl", hash = "sha256:a352e7e428770286cc899e2542b6cdaedb2b4953ff269a210103ec58f6198a61"},
    {file = "defusedxml-0.7.1.tar.gz", hash = "sha256:1bb3032db185915b62d7c6209c5a8792be6a32ab2fedacc84e01b52c51aa3e69"},
]
diff-match-patch = [
    {file = "diff-match-patch-20200713.tar.gz", hash = "sha256:da6f5a01aa586df23dfc89f3827e1cafbb5420be9d87769eeb079ddfd9477a18"},
    {file = "diff_match_patch-20200713-py3-none-any.whl", hash = "sha256:8bf9d9c4e059d917b5c6312bac0c137971a32815ddbda9c682b949f2986b4d34"},
]
django = [
    {file = "Django-3.2.7-py3-none-any.whl", hash = "sha256:e93c93565005b37ddebf2396b4dc4b6913c1838baa82efdfb79acedd5816c240"},
    {file = "Django-3.2.7.tar.gz", hash = "sha256:95b318319d6997bac3595517101ad9cc83fe5672ac498ba48d1a410f47afecd2"},
]
django-admin-smoke-tests = [
    {file = "django-admin-smoke-tests-0.3.0.tar.gz", hash = "sha256:5dc35c61610d4e762bc21a6d2ba4599d67491ff5260e576e0454c14b341a2be9"},
]
django-author = [
    {file = "django-author-1.0.2.tar.gz", hash = "sha256:0238b6280f66a8ba6d1c730ab4acc52bc2bf37686940fd4db42e7af458c96635"},
]
django-import-export = [
    {file = "django-import-export-2.5.0.tar.gz", hash = "sha256:c39c003bfc803fb63ba7742562f1667603a4a8d7426261845d75ce8582d40f48"},
    {file = "django_import_export-2.5.0-py3-none-any.whl", hash = "sha256:cf6f3dabdd4f32dcb26e25c7ddcba7aee3168b55d380b0da79f0349afa17c011"},
]
et-xmlfile = [
    {file = "et_xmlfile-1.1.0-py3-none-any.whl", hash = "sha256:a2ba85d1d6a74ef63837eed693bcb89c3f752169b0e3e7ae5b16ca5e1b3deada"},
    {file = "et_xmlfile-1.1.0.tar.gz", hash = "sha256:8eb9e2bc2f8c97e37a2dc85a09ecdcdec9d8a396530a6d5a33b30b9a92da0c5c"},
]
importlib-metadata = [
    {file = "importlib_metadata-4.8.1-py3-none-any.whl", hash = "sha256:b618b6d2d5ffa2f16add5697cf57a46c76a56229b0ed1c438322e4e95645bd15"},
    {file = "importlib_metadata-4.8.1.tar.gz", hash = "sha256:f284b3e11256ad1e5d03ab86bb2ccd6f5339688ff17a4d797a0fe7df326f23b1"},
]
kombu = [
    {file = "kombu-5.1.0-py3-none-any.whl", hash = "sha256:e2dedd8a86c9077c350555153825a31e456a0dc20c15d5751f00137ec9c75f0a"},
    {file = "kombu-5.1.0.tar.gz", hash = "sha256:01481d99f4606f6939cdc9b637264ed353ee9e3e4f62cfb582324142c41a572d"},
]
markuppy = [
    {file = "MarkupPy-1.14.tar.gz", hash = "sha256:1adee2c0a542af378fe84548ff6f6b0168f3cb7f426b46961038a2bcfaad0d5f"},
]
odfpy = [
    {file = "odfpy-1.4.1-py2.7.egg", hash = "sha256:fc3b8d1bc098eba4a0fda865a76d9d1e577c4ceec771426bcb169a82c5e9dfe0"},
    {file = "odfpy-1.4.1.tar.gz", hash = "sha256:db766a6e59c5103212f3cc92ec8dd50a0f3a02790233ed0b52148b70d3c438ec"},
]
openpyxl = [
    {file = "openpyxl-3.0.7-py2.py3-none-any.whl", hash = "sha256:46af4eaf201a89b610fcca177eed957635f88770a5462fb6aae4a2a52b0ff516"},
    {file = "openpyxl-3.0.7.tar.gz", hash = "sha256:6456a3b472e1ef0facb1129f3c6ef00713cebf62e736cd7a75bcc3247432f251"},
]
pathspec = [
    {file = "pathspec-0.9.0-py2.py3-none-any.whl", hash = "sha256:7d15c4ddb0b5c802d161efc417ec1a2558ea2653c2e8ad9c19098201dc1c993a"},
    {file = "pathspec-0.9.0.tar.gz", hash = "sha256:e564499435a2673d586f6b2130bb5b95f04a3ba06f81b8f895b651a3c76aabb1"},
]
prompt-toolkit = [
    {file = "prompt_toolkit-3.0.20-py3-none-any.whl", hash = "sha256:6076e46efae19b1e0ca1ec003ed37a933dc94b4d20f486235d436e64771dcd5c"},
    {file = "prompt_toolkit-3.0.20.tar.gz", hash = "sha256:eb71d5a6b72ce6db177af4a7d4d7085b99756bf656d98ffcc4fecd36850eea6c"},
]
psycopg2-binary = [
    {file = "psycopg2-binary-2.9.1.tar.gz", hash = "sha256:b0221ca5a9837e040ebf61f48899926b5783668b7807419e4adae8175a31f773"},
    {file = "psycopg2_binary-2.9.1-cp36-cp36m-macosx_10_14_x86_64.macosx_10_9_intel.macosx_10_9_x86_64.macosx_10_10_intel.macosx_10_10_x86_64.whl", hash = "sha256:c250a7ec489b652c892e4f0a5d122cc14c3780f9f643e1a326754aedf82d9a76"},
    {file = "psycopg2_binary-2.9.1-cp36-cp36m-manylinux_2_17_i686.manylinux2014_i686.whl", hash = "sha256:aef9aee84ec78af51107181d02fe8773b100b01c5dfde351184ad9223eab3698"},
    {file = "psycopg2_binary-2.9.1-cp36-cp36m-manylinux_2_17_x86_64.manylinux2014_x86_64.whl", hash = "sha256:123c3fb684e9abfc47218d3784c7b4c47c8587951ea4dd5bc38b6636ac57f616"},
    {file = "psycopg2_binary-2.9.1-cp36-cp36m-manylinux_2_24_aarch64.whl", hash = "sha256:995fc41ebda5a7a663a254a1dcac52638c3e847f48307b5416ee373da15075d7"},
    {file = "psycopg2_binary-2.9.1-cp36-cp36m-manylinux_2_24_ppc64le.whl", hash = "sha256:fbb42a541b1093385a2d8c7eec94d26d30437d0e77c1d25dae1dcc46741a385e"},
    {file = "psycopg2_binary-2.9.1-cp36-cp36m-win32.whl", hash = "sha256:20f1ab44d8c352074e2d7ca67dc00843067788791be373e67a0911998787ce7d"},
    {file = "psycopg2_binary-2.9.1-cp36-cp36m-win_amd64.whl", hash = "sha256:f6fac64a38f6768e7bc7b035b9e10d8a538a9fadce06b983fb3e6fa55ac5f5ce"},
    {file = "psycopg2_binary-2.9.1-cp37-cp37m-macosx_10_14_x86_64.macosx_10_9_intel.macosx_10_9_x86_64.macosx_10_10_intel.macosx_10_10_x86_64.whl", hash = "sha256:1e3a362790edc0a365385b1ac4cc0acc429a0c0d662d829a50b6ce743ae61b5a"},
    {file = "psycopg2_binary-2.9.1-cp37-cp37m-manylinux_2_17_i686.manylinux2014_i686.whl", hash = "sha256:f8559617b1fcf59a9aedba2c9838b5b6aa211ffedecabca412b92a1ff75aac1a"},
    {file = "psycopg2_binary-2.9.1-cp37-cp37m-manylinux_2_17_x86_64.manylinux2014_x86_64.whl", hash = "sha256:a36c7eb6152ba5467fb264d73844877be8b0847874d4822b7cf2d3c0cb8cdcb0"},
    {file = "psycopg2_binary-2.9.1-cp37-cp37m-manylinux_2_24_aarch64.whl", hash = "sha256:2f62c207d1740b0bde5c4e949f857b044818f734a3d57f1d0d0edc65050532ed"},
    {file = "psycopg2_binary-2.9.1-cp37-cp37m-manylinux_2_24_ppc64le.whl", hash = "sha256:cfc523edecddaef56f6740d7de1ce24a2fdf94fd5e704091856a201872e37f9f"},
    {file = "psycopg2_binary-2.9.1-cp37-cp37m-win32.whl", hash = "sha256:1e85b74cbbb3056e3656f1cc4781294df03383127a8114cbc6531e8b8367bf1e"},
    {file = "psycopg2_binary-2.9.1-cp37-cp37m-win_amd64.whl", hash = "sha256:1473c0215b0613dd938db54a653f68251a45a78b05f6fc21af4326f40e8360a2"},
    {file = "psycopg2_binary-2.9.1-cp38-cp38-macosx_10_14_x86_64.macosx_10_9_intel.macosx_10_9_x86_64.macosx_10_10_intel.macosx_10_10_x86_64.whl", hash = "sha256:35c4310f8febe41f442d3c65066ca93cccefd75013df3d8c736c5b93ec288140"},
    {file = "psycopg2_binary-2.9.1-cp38-cp38-manylinux_2_17_i686.manylinux2014_i686.whl", hash = "sha256:8c13d72ed6af7fd2c8acbd95661cf9477f94e381fce0792c04981a8283b52917"},
    {file = "psycopg2_binary-2.9.1-cp38-cp38-manylinux_2_17_x86_64.manylinux2014_x86_64.whl", hash = "sha256:14db1752acdd2187d99cb2ca0a1a6dfe57fc65c3281e0f20e597aac8d2a5bd90"},
    {file = "psycopg2_binary-2.9.1-cp38-cp38-manylinux_2_24_aarch64.whl", hash = "sha256:aed4a9a7e3221b3e252c39d0bf794c438dc5453bc2963e8befe9d4cd324dff72"},
    {file = "psycopg2_binary-2.9.1-cp38-cp38-manylinux_2_24_ppc64le.whl", hash = "sha256:da113b70f6ec40e7d81b43d1b139b9db6a05727ab8be1ee559f3a69854a69d34"},
    {file = "psycopg2_binary-2.9.1-cp38-cp38-win32.whl", hash = "sha256:4235f9d5ddcab0b8dbd723dca56ea2922b485ea00e1dafacf33b0c7e840b3d32"},
    {file = "psycopg2_binary-2.9.1-cp38-cp38-win_amd64.whl", hash = "sha256:988b47ac70d204aed01589ed342303da7c4d84b56c2f4c4b8b00deda123372bf"},
    {file = "psycopg2_binary-2.9.1-cp39-cp39-macosx_10_14_x86_64.macosx_10_9_intel.macosx_10_9_x86_64.macosx_10_10_intel.macosx_10_10_x86_64.whl", hash = "sha256:7360647ea04db2e7dff1648d1da825c8cf68dc5fbd80b8fb5b3ee9f068dcd21a"},
    {file = "psycopg2_binary-2.9.1-cp39-cp39-manylinux_2_17_i686.manylinux2014_i686.whl", hash = "sha256:ca86db5b561b894f9e5f115d6a159fff2a2570a652e07889d8a383b5fae66eb4"},
    {file = "psycopg2_binary-2.9.1-cp39-cp39-manylinux_2_17_x86_64.manylinux2014_x86_64.whl", hash = "sha256:5ced67f1e34e1a450cdb48eb53ca73b60aa0af21c46b9b35ac3e581cf9f00e31"},
    {file = "psycopg2_binary-2.9.1-cp39-cp39-manylinux_2_24_aarch64.whl", hash = "sha256:0f2e04bd2a2ab54fa44ee67fe2d002bb90cee1c0f1cc0ebc3148af7b02034cbd"},
    {file = "psycopg2_binary-2.9.1-cp39-cp39-manylinux_2_24_ppc64le.whl", hash = "sha256:3242b9619de955ab44581a03a64bdd7d5e470cc4183e8fcadd85ab9d3756ce7a"},
    {file = "psycopg2_binary-2.9.1-cp39-cp39-win32.whl", hash = "sha256:0b7dae87f0b729922e06f85f667de7bf16455d411971b2043bbd9577af9d1975"},
    {file = "psycopg2_binary-2.9.1-cp39-cp39-win_amd64.whl", hash = "sha256:b4d7679a08fea64573c969f6994a2631908bb2c0e69a7235648642f3d2e39a68"},
]
pudb = [
    {file = "pudb-2019.2.tar.gz", hash = "sha256:e8f0ea01b134d802872184b05bffc82af29a1eb2f9374a277434b932d68f58dc"},
]
pygments = [
    {file = "Pygments-2.10.0-py3-none-any.whl", hash = "sha256:b8e67fe6af78f492b3c4b3e2970c0624cbf08beb1e493b2c99b9fa1b67a20380"},
    {file = "Pygments-2.10.0.tar.gz", hash = "sha256:f398865f7eb6874156579fdf36bc840a03cab64d1cde9e93d68f46a425ec52c6"},
]
pytz = [
    {file = "pytz-2021.1-py2.py3-none-any.whl", hash = "sha256:eb10ce3e7736052ed3623d49975ce333bcd712c7bb19a58b9e2089d4057d0798"},
    {file = "pytz-2021.1.tar.gz", hash = "sha256:83a4a90894bf38e243cf052c8b58f381bfe9a7a483f6a9cab140bc7f702ac4da"},
]
pyyaml = [
    {file = "PyYAML-5.4.1-cp27-cp27m-macosx_10_9_x86_64.whl", hash = "sha256:3b2b1824fe7112845700f815ff6a489360226a5609b96ec2190a45e62a9fc922"},
    {file = "PyYAML-5.4.1-cp27-cp27m-win32.whl", hash = "sha256:129def1b7c1bf22faffd67b8f3724645203b79d8f4cc81f674654d9902cb4393"},
    {file = "PyYAML-5.4.1-cp27-cp27m-win_amd64.whl", hash = "sha256:4465124ef1b18d9ace298060f4eccc64b0850899ac4ac53294547536533800c8"},
    {file = "PyYAML-5.4.1-cp27-cp27mu-manylinux1_x86_64.whl", hash = "sha256:bb4191dfc9306777bc594117aee052446b3fa88737cd13b7188d0e7aa8162185"},
    {file = "PyYAML-5.4.1-cp36-cp36m-macosx_10_9_x86_64.whl", hash = "sha256:6c78645d400265a062508ae399b60b8c167bf003db364ecb26dcab2bda048253"},
    {file = "PyYAML-5.4.1-cp36-cp36m-manylinux1_x86_64.whl", hash = "sha256:4e0583d24c881e14342eaf4ec5fbc97f934b999a6828693a99157fde912540cc"},
    {file = "PyYAML-5.4.1-cp36-cp36m-win32.whl", hash = "sha256:3bd0e463264cf257d1ffd2e40223b197271046d09dadf73a0fe82b9c1fc385a5"},
    {file = "PyYAML-5.4.1-cp36-cp36m-win_amd64.whl", hash = "sha256:e4fac90784481d221a8e4b1162afa7c47ed953be40d31ab4629ae917510051df"},
    {file = "PyYAML-5.4.1-cp37-cp37m-macosx_10_9_x86_64.whl", hash = "sha256:5accb17103e43963b80e6f837831f38d314a0495500067cb25afab2e8d7a4018"},
    {file = "PyYAML-5.4.1-cp37-cp37m-manylinux1_x86_64.whl", hash = "sha256:e1d4970ea66be07ae37a3c2e48b5ec63f7ba6804bdddfdbd3cfd954d25a82e63"},
    {file = "PyYAML-5.4.1-cp37-cp37m-win32.whl", hash = "sha256:dd5de0646207f053eb0d6c74ae45ba98c3395a571a2891858e87df7c9b9bd51b"},
    {file = "PyYAML-5.4.1-cp37-cp37m-win_amd64.whl", hash = "sha256:08682f6b72c722394747bddaf0aa62277e02557c0fd1c42cb853016a38f8dedf"},
    {file = "PyYAML-5.4.1-cp38-cp38-macosx_10_9_x86_64.whl", hash = "sha256:d2d9808ea7b4af864f35ea216be506ecec180628aced0704e34aca0b040ffe46"},
    {file = "PyYAML-5.4.1-cp38-cp38-manylinux1_x86_64.whl", hash = "sha256:8c1be557ee92a20f184922c7b6424e8ab6691788e6d86137c5d93c1a6ec1b8fb"},
    {file = "PyYAML-5.4.1-cp38-cp38-win32.whl", hash = "sha256:fa5ae20527d8e831e8230cbffd9f8fe952815b2b7dae6ffec25318803a7528fc"},
    {file = "PyYAML-5.4.1-cp38-cp38-win_amd64.whl", hash = "sha256:0f5f5786c0e09baddcd8b4b45f20a7b5d61a7e7e99846e3c799b05c7c53fa696"},
    {file = "PyYAML-5.4.1-cp39-cp39-macosx_10_9_x86_64.whl", hash = "sha256:294db365efa064d00b8d1ef65d8ea2c3426ac366c0c4368d930bf1c5fb497f77"},
    {file = "PyYAML-5.4.1-cp39-cp39-manylinux1_x86_64.whl", hash = "sha256:74c1485f7707cf707a7aef42ef6322b8f97921bd89be2ab6317fd782c2d53183"},
    {file = "PyYAML-5.4.1-cp39-cp39-win32.whl", hash = "sha256:49d4cdd9065b9b6e206d0595fee27a96b5dd22618e7520c33204a4a3239d5b10"},
    {file = "PyYAML-5.4.1-cp39-cp39-win_amd64.whl", hash = "sha256:c20cfa2d49991c8b4147af39859b167664f2ad4561704ee74c1de03318e898db"},
    {file = "PyYAML-5.4.1.tar.gz", hash = "sha256:607774cbba28732bfa802b54baa7484215f530991055bb562efbed5b2f20a45e"},
]
redis = [
    {file = "redis-3.5.3-py2.py3-none-any.whl", hash = "sha256:432b788c4530cfe16d8d943a09d40ca6c16149727e4afe8c2c9d5580c59d9f24"},
    {file = "redis-3.5.3.tar.gz", hash = "sha256:0e7e0cfca8660dea8b7d5cd8c4f6c5e29e11f31158c0b0ae91a397f00e5a05a2"},
]
regex = [
    {file = "regex-2021.8.28-cp310-cp310-macosx_10_9_x86_64.whl", hash = "sha256:9d05ad5367c90814099000442b2125535e9d77581855b9bee8780f1b41f2b1a2"},
    {file = "regex-2021.8.28-cp310-cp310-manylinux_2_17_aarch64.manylinux2014_aarch64.whl", hash = "sha256:f3bf1bc02bc421047bfec3343729c4bbbea42605bcfd6d6bfe2c07ade8b12d2a"},
    {file = "regex-2021.8.28-cp310-cp310-manylinux_2_17_x86_64.manylinux2014_x86_64.whl", hash = "sha256:5f6a808044faae658f546dd5f525e921de9fa409de7a5570865467f03a626fc0"},
    {file = "regex-2021.8.28-cp310-cp310-manylinux_2_5_i686.manylinux1_i686.manylinux_2_12_i686.manylinux2010_i686.whl", hash = "sha256:a617593aeacc7a691cc4af4a4410031654f2909053bd8c8e7db837f179a630eb"},
    {file = "regex-2021.8.28-cp310-cp310-manylinux_2_5_i686.manylinux1_i686.manylinux_2_17_i686.manylinux2014_i686.whl", hash = "sha256:79aef6b5cd41feff359acaf98e040844613ff5298d0d19c455b3d9ae0bc8c35a"},
    {file = "regex-2021.8.28-cp310-cp310-manylinux_2_5_x86_64.manylinux1_x86_64.manylinux_2_12_x86_64.manylinux2010_x86_64.whl", hash = "sha256:0fc1f8f06977c2d4f5e3d3f0d4a08089be783973fc6b6e278bde01f0544ff308"},
    {file = "regex-2021.8.28-cp310-cp310-win32.whl", hash = "sha256:6eebf512aa90751d5ef6a7c2ac9d60113f32e86e5687326a50d7686e309f66ed"},
    {file = "regex-2021.8.28-cp310-cp310-win_amd64.whl", hash = "sha256:ac88856a8cbccfc14f1b2d0b829af354cc1743cb375e7f04251ae73b2af6adf8"},
    {file = "regex-2021.8.28-cp36-cp36m-macosx_10_9_x86_64.whl", hash = "sha256:c206587c83e795d417ed3adc8453a791f6d36b67c81416676cad053b4104152c"},
    {file = "regex-2021.8.28-cp36-cp36m-manylinux_2_17_aarch64.manylinux2014_aarch64.whl", hash = "sha256:e8690ed94481f219a7a967c118abaf71ccc440f69acd583cab721b90eeedb77c"},
    {file = "regex-2021.8.28-cp36-cp36m-manylinux_2_17_x86_64.manylinux2014_x86_64.whl", hash = "sha256:328a1fad67445550b982caa2a2a850da5989fd6595e858f02d04636e7f8b0b13"},
    {file = "regex-2021.8.28-cp36-cp36m-manylinux_2_5_i686.manylinux1_i686.manylinux_2_12_i686.manylinux2010_i686.whl", hash = "sha256:c7cb4c512d2d3b0870e00fbbac2f291d4b4bf2634d59a31176a87afe2777c6f0"},
    {file = "regex-2021.8.28-cp36-cp36m-manylinux_2_5_i686.manylinux1_i686.manylinux_2_17_i686.manylinux2014_i686.whl", hash = "sha256:66256b6391c057305e5ae9209941ef63c33a476b73772ca967d4a2df70520ec1"},
    {file = "regex-2021.8.28-cp36-cp36m-manylinux_2_5_x86_64.manylinux1_x86_64.manylinux_2_12_x86_64.manylinux2010_x86_64.whl", hash = "sha256:8e44769068d33e0ea6ccdf4b84d80c5afffe5207aa4d1881a629cf0ef3ec398f"},
    {file = "regex-2021.8.28-cp36-cp36m-win32.whl", hash = "sha256:08d74bfaa4c7731b8dac0a992c63673a2782758f7cfad34cf9c1b9184f911354"},
    {file = "regex-2021.8.28-cp36-cp36m-win_amd64.whl", hash = "sha256:abb48494d88e8a82601af905143e0de838c776c1241d92021e9256d5515b3645"},
    {file = "regex-2021.8.28-cp37-cp37m-macosx_10_9_x86_64.whl", hash = "sha256:b4c220a1fe0d2c622493b0a1fd48f8f991998fb447d3cd368033a4b86cf1127a"},
    {file = "regex-2021.8.28-cp37-cp37m-manylinux_2_17_aarch64.manylinux2014_aarch64.whl", hash = "sha256:d4a332404baa6665b54e5d283b4262f41f2103c255897084ec8f5487ce7b9e8e"},
    {file = "regex-2021.8.28-cp37-cp37m-manylinux_2_17_x86_64.manylinux2014_x86_64.whl", hash = "sha256:c61dcc1cf9fd165127a2853e2c31eb4fb961a4f26b394ac9fe5669c7a6592892"},
    {file = "regex-2021.8.28-cp37-cp37m-manylinux_2_5_i686.manylinux1_i686.manylinux_2_12_i686.manylinux2010_i686.whl", hash = "sha256:ee329d0387b5b41a5dddbb6243a21cb7896587a651bebb957e2d2bb8b63c0791"},
    {file = "regex-2021.8.28-cp37-cp37m-manylinux_2_5_i686.manylinux1_i686.manylinux_2_17_i686.manylinux2014_i686.whl", hash = "sha256:f60667673ff9c249709160529ab39667d1ae9fd38634e006bec95611f632e759"},
    {file = "regex-2021.8.28-cp37-cp37m-manylinux_2_5_x86_64.manylinux1_x86_64.manylinux_2_12_x86_64.manylinux2010_x86_64.whl", hash = "sha256:b844fb09bd9936ed158ff9df0ab601e2045b316b17aa8b931857365ea8586906"},
    {file = "regex-2021.8.28-cp37-cp37m-win32.whl", hash = "sha256:4cde065ab33bcaab774d84096fae266d9301d1a2f5519d7bd58fc55274afbf7a"},
    {file = "regex-2021.8.28-cp37-cp37m-win_amd64.whl", hash = "sha256:1413b5022ed6ac0d504ba425ef02549a57d0f4276de58e3ab7e82437892704fc"},
    {file = "regex-2021.8.28-cp38-cp38-macosx_10_9_x86_64.whl", hash = "sha256:ed4b50355b066796dacdd1cf538f2ce57275d001838f9b132fab80b75e8c84dd"},
    {file = "regex-2021.8.28-cp38-cp38-manylinux_2_17_aarch64.manylinux2014_aarch64.whl", hash = "sha256:28fc475f560d8f67cc8767b94db4c9440210f6958495aeae70fac8faec631797"},
    {file = "regex-2021.8.28-cp38-cp38-manylinux_2_17_x86_64.manylinux2014_x86_64.whl", hash = "sha256:bdc178caebd0f338d57ae445ef8e9b737ddf8fbc3ea187603f65aec5b041248f"},
    {file = "regex-2021.8.28-cp38-cp38-manylinux_2_5_i686.manylinux1_i686.manylinux_2_12_i686.manylinux2010_i686.whl", hash = "sha256:999ad08220467b6ad4bd3dd34e65329dd5d0df9b31e47106105e407954965256"},
    {file = "regex-2021.8.28-cp38-cp38-manylinux_2_5_i686.manylinux1_i686.manylinux_2_17_i686.manylinux2014_i686.whl", hash = "sha256:808ee5834e06f57978da3e003ad9d6292de69d2bf6263662a1a8ae30788e080b"},
    {file = "regex-2021.8.28-cp38-cp38-manylinux_2_5_x86_64.manylinux1_x86_64.manylinux_2_12_x86_64.manylinux2010_x86_64.whl", hash = "sha256:d5111d4c843d80202e62b4fdbb4920db1dcee4f9366d6b03294f45ed7b18b42e"},
    {file = "regex-2021.8.28-cp38-cp38-win32.whl", hash = "sha256:473858730ef6d6ff7f7d5f19452184cd0caa062a20047f6d6f3e135a4648865d"},
    {file = "regex-2021.8.28-cp38-cp38-win_amd64.whl", hash = "sha256:31a99a4796bf5aefc8351e98507b09e1b09115574f7c9dbb9cf2111f7220d2e2"},
    {file = "regex-2021.8.28-cp39-cp39-macosx_10_9_x86_64.whl", hash = "sha256:04f6b9749e335bb0d2f68c707f23bb1773c3fb6ecd10edf0f04df12a8920d468"},
    {file = "regex-2021.8.28-cp39-cp39-manylinux_2_17_aarch64.manylinux2014_aarch64.whl", hash = "sha256:9b006628fe43aa69259ec04ca258d88ed19b64791693df59c422b607b6ece8bb"},
    {file = "regex-2021.8.28-cp39-cp39-manylinux_2_17_x86_64.manylinux2014_x86_64.whl", hash = "sha256:121f4b3185feaade3f85f70294aef3f777199e9b5c0c0245c774ae884b110a2d"},
    {file = "regex-2021.8.28-cp39-cp39-manylinux_2_5_i686.manylinux1_i686.manylinux_2_12_i686.manylinux2010_i686.whl", hash = "sha256:a577a21de2ef8059b58f79ff76a4da81c45a75fe0bfb09bc8b7bb4293fa18983"},
    {file = "regex-2021.8.28-cp39-cp39-manylinux_2_5_i686.manylinux1_i686.manylinux_2_17_i686.manylinux2014_i686.whl", hash = "sha256:1743345e30917e8c574f273f51679c294effba6ad372db1967852f12c76759d8"},
    {file = "regex-2021.8.28-cp39-cp39-manylinux_2_5_x86_64.manylinux1_x86_64.manylinux_2_12_x86_64.manylinux2010_x86_64.whl", hash = "sha256:e1e8406b895aba6caa63d9fd1b6b1700d7e4825f78ccb1e5260551d168db38ed"},
    {file = "regex-2021.8.28-cp39-cp39-win32.whl", hash = "sha256:ed283ab3a01d8b53de3a05bfdf4473ae24e43caee7dcb5584e86f3f3e5ab4374"},
    {file = "regex-2021.8.28-cp39-cp39-win_amd64.whl", hash = "sha256:610b690b406653c84b7cb6091facb3033500ee81089867ee7d59e675f9ca2b73"},
    {file = "regex-2021.8.28.tar.gz", hash = "sha256:f585cbbeecb35f35609edccb95efd95a3e35824cd7752b586503f7e6087303f1"},
]
setuptools-git = [
    {file = "setuptools-git-1.2.tar.gz", hash = "sha256:ff64136da01aabba76ae88b050e7197918d8b2139ccbf6144e14d472b9c40445"},
    {file = "setuptools_git-1.2-py2.py3-none-any.whl", hash = "sha256:e7764dccce7d97b4b5a330d7b966aac6f9ac026385743fd6cedad553f2494cfa"},
]
six = [
    {file = "six-1.16.0-py2.py3-none-any.whl", hash = "sha256:8abb2f1d86890a2dfb989f9a77cfcfd3e47c2a354b01111771326f8aa26e0254"},
    {file = "six-1.16.0.tar.gz", hash = "sha256:1e61c37477a1626458e36f7b1d82aa5c9b094fa4802892072e49de9c60c4c926"},
]
sqlparse = [
    {file = "sqlparse-0.4.1-py3-none-any.whl", hash = "sha256:017cde379adbd6a1f15a61873f43e8274179378e95ef3fede90b5aa64d304ed0"},
    {file = "sqlparse-0.4.1.tar.gz", hash = "sha256:0f91fd2e829c44362cbcfab3e9ae12e22badaa8a29ad5ff599f9ec109f0454e8"},
]
tablib = [
    {file = "tablib-3.0.0-py3-none-any.whl", hash = "sha256:41aa40981cddd7ec4d1fabeae7c38d271601b306386bd05b5c3bcae13e5aeb20"},
    {file = "tablib-3.0.0.tar.gz", hash = "sha256:f83cac08454f225a34a305daa20e2110d5e6335135d505f93bc66583a5f9c10d"},
]
toml = [
    {file = "toml-0.10.2-py2.py3-none-any.whl", hash = "sha256:806143ae5bfb6a3c6e736a764057db0e6a0e05e338b5630894a5f779cabb4f9b"},
    {file = "toml-0.10.2.tar.gz", hash = "sha256:b3bda1d108d5dd99f4a20d24d9c348e91c4db7ab1b749200bded2f839ccbe68f"},
]
typed-ast = [
    {file = "typed_ast-1.4.3-cp35-cp35m-manylinux1_i686.whl", hash = "sha256:2068531575a125b87a41802130fa7e29f26c09a2833fea68d9a40cf33902eba6"},
    {file = "typed_ast-1.4.3-cp35-cp35m-manylinux1_x86_64.whl", hash = "sha256:c907f561b1e83e93fad565bac5ba9c22d96a54e7ea0267c708bffe863cbe4075"},
    {file = "typed_ast-1.4.3-cp35-cp35m-manylinux2014_aarch64.whl", hash = "sha256:1b3ead4a96c9101bef08f9f7d1217c096f31667617b58de957f690c92378b528"},
    {file = "typed_ast-1.4.3-cp35-cp35m-win32.whl", hash = "sha256:dde816ca9dac1d9c01dd504ea5967821606f02e510438120091b84e852367428"},
    {file = "typed_ast-1.4.3-cp35-cp35m-win_amd64.whl", hash = "sha256:777a26c84bea6cd934422ac2e3b78863a37017618b6e5c08f92ef69853e765d3"},
    {file = "typed_ast-1.4.3-cp36-cp36m-macosx_10_9_x86_64.whl", hash = "sha256:f8afcf15cc511ada719a88e013cec87c11aff7b91f019295eb4530f96fe5ef2f"},
    {file = "typed_ast-1.4.3-cp36-cp36m-manylinux1_i686.whl", hash = "sha256:52b1eb8c83f178ab787f3a4283f68258525f8d70f778a2f6dd54d3b5e5fb4341"},
    {file = "typed_ast-1.4.3-cp36-cp36m-manylinux1_x86_64.whl", hash = "sha256:01ae5f73431d21eead5015997ab41afa53aa1fbe252f9da060be5dad2c730ace"},
    {file = "typed_ast-1.4.3-cp36-cp36m-manylinux2014_aarch64.whl", hash = "sha256:c190f0899e9f9f8b6b7863debfb739abcb21a5c054f911ca3596d12b8a4c4c7f"},
    {file = "typed_ast-1.4.3-cp36-cp36m-win32.whl", hash = "sha256:398e44cd480f4d2b7ee8d98385ca104e35c81525dd98c519acff1b79bdaac363"},
    {file = "typed_ast-1.4.3-cp36-cp36m-win_amd64.whl", hash = "sha256:bff6ad71c81b3bba8fa35f0f1921fb24ff4476235a6e94a26ada2e54370e6da7"},
    {file = "typed_ast-1.4.3-cp37-cp37m-macosx_10_9_x86_64.whl", hash = "sha256:0fb71b8c643187d7492c1f8352f2c15b4c4af3f6338f21681d3681b3dc31a266"},
    {file = "typed_ast-1.4.3-cp37-cp37m-manylinux1_i686.whl", hash = "sha256:760ad187b1041a154f0e4d0f6aae3e40fdb51d6de16e5c99aedadd9246450e9e"},
    {file = "typed_ast-1.4.3-cp37-cp37m-manylinux1_x86_64.whl", hash = "sha256:5feca99c17af94057417d744607b82dd0a664fd5e4ca98061480fd8b14b18d04"},
    {file = "typed_ast-1.4.3-cp37-cp37m-manylinux2014_aarch64.whl", hash = "sha256:95431a26309a21874005845c21118c83991c63ea800dd44843e42a916aec5899"},
    {file = "typed_ast-1.4.3-cp37-cp37m-win32.whl", hash = "sha256:aee0c1256be6c07bd3e1263ff920c325b59849dc95392a05f258bb9b259cf39c"},
    {file = "typed_ast-1.4.3-cp37-cp37m-win_amd64.whl", hash = "sha256:9ad2c92ec681e02baf81fdfa056fe0d818645efa9af1f1cd5fd6f1bd2bdfd805"},
    {file = "typed_ast-1.4.3-cp38-cp38-macosx_10_9_x86_64.whl", hash = "sha256:b36b4f3920103a25e1d5d024d155c504080959582b928e91cb608a65c3a49e1a"},
    {file = "typed_ast-1.4.3-cp38-cp38-manylinux1_i686.whl", hash = "sha256:067a74454df670dcaa4e59349a2e5c81e567d8d65458d480a5b3dfecec08c5ff"},
    {file = "typed_ast-1.4.3-cp38-cp38-manylinux1_x86_64.whl", hash = "sha256:7538e495704e2ccda9b234b82423a4038f324f3a10c43bc088a1636180f11a41"},
    {file = "typed_ast-1.4.3-cp38-cp38-manylinux2014_aarch64.whl", hash = "sha256:af3d4a73793725138d6b334d9d247ce7e5f084d96284ed23f22ee626a7b88e39"},
    {file = "typed_ast-1.4.3-cp38-cp38-win32.whl", hash = "sha256:f2362f3cb0f3172c42938946dbc5b7843c2a28aec307c49100c8b38764eb6927"},
    {file = "typed_ast-1.4.3-cp38-cp38-win_amd64.whl", hash = "sha256:dd4a21253f42b8d2b48410cb31fe501d32f8b9fbeb1f55063ad102fe9c425e40"},
    {file = "typed_ast-1.4.3-cp39-cp39-macosx_10_9_x86_64.whl", hash = "sha256:f328adcfebed9f11301eaedfa48e15bdece9b519fb27e6a8c01aa52a17ec31b3"},
    {file = "typed_ast-1.4.3-cp39-cp39-manylinux1_i686.whl", hash = "sha256:2c726c276d09fc5c414693a2de063f521052d9ea7c240ce553316f70656c84d4"},
    {file = "typed_ast-1.4.3-cp39-cp39-manylinux1_x86_64.whl", hash = "sha256:cae53c389825d3b46fb37538441f75d6aecc4174f615d048321b716df2757fb0"},
    {file = "typed_ast-1.4.3-cp39-cp39-manylinux2014_aarch64.whl", hash = "sha256:b9574c6f03f685070d859e75c7f9eeca02d6933273b5e69572e5ff9d5e3931c3"},
    {file = "typed_ast-1.4.3-cp39-cp39-win32.whl", hash = "sha256:209596a4ec71d990d71d5e0d312ac935d86930e6eecff6ccc7007fe54d703808"},
    {file = "typed_ast-1.4.3-cp39-cp39-win_amd64.whl", hash = "sha256:9c6d1a54552b5330bc657b7ef0eae25d00ba7ffe85d9ea8ae6540d2197a3788c"},
    {file = "typed_ast-1.4.3.tar.gz", hash = "sha256:fb1bbeac803adea29cedd70781399c99138358c26d05fcbd23c13016b7f5ec65"},
]
typing-extensions = [
    {file = "typing_extensions-3.10.0.2-py2-none-any.whl", hash = "sha256:d8226d10bc02a29bcc81df19a26e56a9647f8b0a6d4a83924139f4a8b01f17b7"},
    {file = "typing_extensions-3.10.0.2-py3-none-any.whl", hash = "sha256:f1d25edafde516b146ecd0613dabcc61409817af4766fbbcfb8d1ad4ec441a34"},
    {file = "typing_extensions-3.10.0.2.tar.gz", hash = "sha256:49f75d16ff11f1cd258e1b988ccff82a3ca5570217d7ad8c5f48205dd99a677e"},
]
urwid = [
    {file = "urwid-2.1.2.tar.gz", hash = "sha256:588bee9c1cb208d0906a9f73c613d2bd32c3ed3702012f51efe318a3f2127eae"},
]
vine = [
    {file = "vine-5.0.0-py2.py3-none-any.whl", hash = "sha256:4c9dceab6f76ed92105027c49c823800dd33cacce13bdedc5b914e3514b7fb30"},
    {file = "vine-5.0.0.tar.gz", hash = "sha256:7d3b1624a953da82ef63462013bbd271d3eb75751489f9807598e8f340bd637e"},
]
wcwidth = [
    {file = "wcwidth-0.2.5-py2.py3-none-any.whl", hash = "sha256:beb4802a9cebb9144e99086eff703a642a13d6a0052920003a230f3294bbe784"},
    {file = "wcwidth-0.2.5.tar.gz", hash = "sha256:c4d647b99872929fdb7bdcaa4fbe7f01413ed3d98077df798530e5b04f116c83"},
]
xlrd = [
    {file = "xlrd-2.0.1-py2.py3-none-any.whl", hash = "sha256:6a33ee89877bd9abc1158129f6e94be74e2679636b8a205b43b85206c3f0bbdd"},
    {file = "xlrd-2.0.1.tar.gz", hash = "sha256:f72f148f54442c6b056bf931dbc34f986fd0c3b0b6b5a58d013c9aef274d0c88"},
]
xlwt = [
    {file = "xlwt-1.3.0-py2.py3-none-any.whl", hash = "sha256:a082260524678ba48a297d922cc385f58278b8aa68741596a87de01a9c628b2e"},
    {file = "xlwt-1.3.0.tar.gz", hash = "sha256:c59912717a9b28f1a3c2a98fd60741014b06b043936dcecbc113eaaada156c88"},
]
zipp = [
    {file = "zipp-3.5.0-py3-none-any.whl", hash = "sha256:957cfda87797e389580cb8b9e3870841ca991e2125350677b2ca83a0e99390a3"},
    {file = "zipp-3.5.0.tar.gz", hash = "sha256:f5812b1e007e48cff63449a5e9f4e7ebea716b4111f9c4f9a645f91d579bf0c4"},
]
